// !$*UTF8*$!
{
	archiveVersion = 1;
	classes = {
	};
	objectVersion = 46;
	objects = {

/* Begin PBXBuildFile section */
		2E1E49F68222AAA4C970168B /* Pods_KoreBotSDKDemo.framework in Frameworks */ = {isa = PBXBuildFile; fileRef = 6E1812F1242FE88925056F7C /* Pods_KoreBotSDKDemo.framework */; };
		BBD07F171E040F9400A68FB6 /* SDKConfiguration.swift in Sources */ = {isa = PBXBuildFile; fileRef = BBD07F161E040F9400A68FB6 /* SDKConfiguration.swift */; };
		D10A245A1CF72FD400E2732C /* TextBubbleView.swift in Sources */ = {isa = PBXBuildFile; fileRef = D10A24591CF72FD400E2732C /* TextBubbleView.swift */; };
		D10A24741CF808A300E2732C /* Identity.swift in Sources */ = {isa = PBXBuildFile; fileRef = D10A24731CF808A300E2732C /* Identity.swift */; };
		D1132F661D8181130083FC10 /* KREAttributedLabel.m in Sources */ = {isa = PBXBuildFile; fileRef = D1132F5F1D8181130083FC10 /* KREAttributedLabel.m */; };
		D1132F671D8181130083FC10 /* KRELayoutManager.m in Sources */ = {isa = PBXBuildFile; fileRef = D1132F611D8181130083FC10 /* KRELayoutManager.m */; };
		D1132F681D8181130083FC10 /* KREUtilities.m in Sources */ = {isa = PBXBuildFile; fileRef = D1132F631D8181130083FC10 /* KREUtilities.m */; };
		D1132F691D8181130083FC10 /* NSMutableAttributedString+KREUtils.m in Sources */ = {isa = PBXBuildFile; fileRef = D1132F651D8181130083FC10 /* NSMutableAttributedString+KREUtils.m */; };
		D137B0A81D009285005E938E /* BotsViewController.swift in Sources */ = {isa = PBXBuildFile; fileRef = D137B09E1D009285005E938E /* BotsViewController.swift */; };
		D137B0A91D009285005E938E /* BotsViewController.xib in Resources */ = {isa = PBXBuildFile; fileRef = D137B09F1D009285005E938E /* BotsViewController.xib */; };
		D137B0AA1D009285005E938E /* QuickSelectCommandCell.swift in Sources */ = {isa = PBXBuildFile; fileRef = D137B0A21D009285005E938E /* QuickSelectCommandCell.swift */; };
		D137B0AB1D009285005E938E /* QuickSelectCommandCell.xib in Resources */ = {isa = PBXBuildFile; fileRef = D137B0A31D009285005E938E /* QuickSelectCommandCell.xib */; };
		D137B0AC1D009285005E938E /* QuickSelectIdentityCell.swift in Sources */ = {isa = PBXBuildFile; fileRef = D137B0A41D009285005E938E /* QuickSelectIdentityCell.swift */; };
		D137B0AD1D009285005E938E /* QuickSelectIdentityCell.xib in Resources */ = {isa = PBXBuildFile; fileRef = D137B0A51D009285005E938E /* QuickSelectIdentityCell.xib */; };
		D137B0AE1D009285005E938E /* ChatMessagesViewController.swift in Sources */ = {isa = PBXBuildFile; fileRef = D137B0A61D009285005E938E /* ChatMessagesViewController.swift */; };
		D137B0AF1D009285005E938E /* ChatMessagesViewController.xib in Resources */ = {isa = PBXBuildFile; fileRef = D137B0A71D009285005E938E /* ChatMessagesViewController.xib */; };
		D16D62E21CF5B7BC00752FC8 /* MessageComposeBar.swift in Sources */ = {isa = PBXBuildFile; fileRef = D16D62E11CF5B7BC00752FC8 /* MessageComposeBar.swift */; };
		D16D62E41CF5B7C800752FC8 /* MessageComposeBar.xib in Resources */ = {isa = PBXBuildFile; fileRef = D16D62E31CF5B7C800752FC8 /* MessageComposeBar.xib */; };
		D175AD4E1CEF0CD500BB9442 /* AppDelegate.swift in Sources */ = {isa = PBXBuildFile; fileRef = D175AD4D1CEF0CD500BB9442 /* AppDelegate.swift */; };
		D175AD581CEF0CD500BB9442 /* LaunchScreen.storyboard in Resources */ = {isa = PBXBuildFile; fileRef = D175AD561CEF0CD500BB9442 /* LaunchScreen.storyboard */; };
		D1AA2A351CF3489000BE9789 /* ServerConfigs.swift in Sources */ = {isa = PBXBuildFile; fileRef = D1AA2A341CF3489000BE9789 /* ServerConfigs.swift */; };
		D1B944AB1D04463F000AADA9 /* ImageComponentCollectionViewCell.swift in Sources */ = {isa = PBXBuildFile; fileRef = D1B944A71D04463F000AADA9 /* ImageComponentCollectionViewCell.swift */; };
		D1B944AC1D04463F000AADA9 /* ImageComponentCollectionViewCell.xib in Resources */ = {isa = PBXBuildFile; fileRef = D1B944A81D04463F000AADA9 /* ImageComponentCollectionViewCell.xib */; };
		D1B944AD1D04463F000AADA9 /* MultiImageBubbleView.swift in Sources */ = {isa = PBXBuildFile; fileRef = D1B944A91D04463F000AADA9 /* MultiImageBubbleView.swift */; };
		D1B944AE1D04463F000AADA9 /* MultiImageBubbleView.xib in Resources */ = {isa = PBXBuildFile; fileRef = D1B944AA1D04463F000AADA9 /* MultiImageBubbleView.xib */; };
		D1CAF15E1CF0AEA3001BCAEF /* AppLaunchViewController.swift in Sources */ = {isa = PBXBuildFile; fileRef = D1CAF07D1CF0AEA3001BCAEF /* AppLaunchViewController.swift */; };
		D1CAF15F1CF0AEA3001BCAEF /* AppLaunchViewController.xib in Resources */ = {isa = PBXBuildFile; fileRef = D1CAF07E1CF0AEA3001BCAEF /* AppLaunchViewController.xib */; };
		D1CAF21A1CF0AEA3001BCAEF /* Assets.xcassets in Resources */ = {isa = PBXBuildFile; fileRef = D1CAF1531CF0AEA3001BCAEF /* Assets.xcassets */; };
		D1F4E4FB1CF709C40044C093 /* MessageBubbleCell.swift in Sources */ = {isa = PBXBuildFile; fileRef = D1F4E4F21CF709C40044C093 /* MessageBubbleCell.swift */; };
		D1F4E5001CF709C40044C093 /* BotMessagesViewController.swift in Sources */ = {isa = PBXBuildFile; fileRef = D1F4E4F91CF709C40044C093 /* BotMessagesViewController.swift */; };
		D1F4E5011CF709C40044C093 /* BotMessagesViewController.xib in Resources */ = {isa = PBXBuildFile; fileRef = D1F4E4FA1CF709C40044C093 /* BotMessagesViewController.xib */; };
		D1F4E5041CF70A8E0044C093 /* BubbleView.swift in Sources */ = {isa = PBXBuildFile; fileRef = D1F4E5031CF70A8E0044C093 /* BubbleView.swift */; };
		D1F4E5261CF716640044C093 /* Component.swift in Sources */ = {isa = PBXBuildFile; fileRef = D1F4E51C1CF716640044C093 /* Component.swift */; };
		D1F4E5271CF716640044C093 /* ComponentGroup.swift in Sources */ = {isa = PBXBuildFile; fileRef = D1F4E51D1CF716640044C093 /* ComponentGroup.swift */; };
		D1F4E5281CF716640044C093 /* Message.swift in Sources */ = {isa = PBXBuildFile; fileRef = D1F4E51E1CF716640044C093 /* Message.swift */; };
		D1F4E52B1CF716640044C093 /* SectionedThread.swift in Sources */ = {isa = PBXBuildFile; fileRef = D1F4E5211CF716640044C093 /* SectionedThread.swift */; };
		D1F4E52C1CF716640044C093 /* Thread.swift in Sources */ = {isa = PBXBuildFile; fileRef = D1F4E5221CF716640044C093 /* Thread.swift */; };
/* End PBXBuildFile section */

/* Begin PBXFileReference section */
		51D2300D7315E548B03ED7F4 /* Pods-KoreBotSDKDemo.release.xcconfig */ = {isa = PBXFileReference; includeInIndex = 1; lastKnownFileType = text.xcconfig; name = "Pods-KoreBotSDKDemo.release.xcconfig"; path = "../Pods/Target Support Files/Pods-KoreBotSDKDemo/Pods-KoreBotSDKDemo.release.xcconfig"; sourceTree = "<group>"; };
		6E1812F1242FE88925056F7C /* Pods_KoreBotSDKDemo.framework */ = {isa = PBXFileReference; explicitFileType = wrapper.framework; includeInIndex = 0; path = Pods_KoreBotSDKDemo.framework; sourceTree = BUILT_PRODUCTS_DIR; };
		7092CBEB046F0BC9247CE8CE /* Pods-KoreBotSDKDemo.debug.xcconfig */ = {isa = PBXFileReference; includeInIndex = 1; lastKnownFileType = text.xcconfig; name = "Pods-KoreBotSDKDemo.debug.xcconfig"; path = "../Pods/Target Support Files/Pods-KoreBotSDKDemo/Pods-KoreBotSDKDemo.debug.xcconfig"; sourceTree = "<group>"; };
		BBD07F161E040F9400A68FB6 /* SDKConfiguration.swift */ = {isa = PBXFileReference; fileEncoding = 4; lastKnownFileType = sourcecode.swift; path = SDKConfiguration.swift; sourceTree = "<group>"; };
		D10A24591CF72FD400E2732C /* TextBubbleView.swift */ = {isa = PBXFileReference; fileEncoding = 4; lastKnownFileType = sourcecode.swift; path = TextBubbleView.swift; sourceTree = "<group>"; };
		D10A24731CF808A300E2732C /* Identity.swift */ = {isa = PBXFileReference; fileEncoding = 4; lastKnownFileType = sourcecode.swift; path = Identity.swift; sourceTree = "<group>"; };
		D1132F5E1D8181130083FC10 /* KREAttributedLabel.h */ = {isa = PBXFileReference; fileEncoding = 4; lastKnownFileType = sourcecode.c.h; path = KREAttributedLabel.h; sourceTree = "<group>"; };
		D1132F5F1D8181130083FC10 /* KREAttributedLabel.m */ = {isa = PBXFileReference; fileEncoding = 4; lastKnownFileType = sourcecode.c.objc; path = KREAttributedLabel.m; sourceTree = "<group>"; };
		D1132F601D8181130083FC10 /* KRELayoutManager.h */ = {isa = PBXFileReference; fileEncoding = 4; lastKnownFileType = sourcecode.c.h; path = KRELayoutManager.h; sourceTree = "<group>"; };
		D1132F611D8181130083FC10 /* KRELayoutManager.m */ = {isa = PBXFileReference; fileEncoding = 4; lastKnownFileType = sourcecode.c.objc; path = KRELayoutManager.m; sourceTree = "<group>"; };
		D1132F621D8181130083FC10 /* KREUtilities.h */ = {isa = PBXFileReference; fileEncoding = 4; lastKnownFileType = sourcecode.c.h; path = KREUtilities.h; sourceTree = "<group>"; };
		D1132F631D8181130083FC10 /* KREUtilities.m */ = {isa = PBXFileReference; fileEncoding = 4; lastKnownFileType = sourcecode.c.objc; path = KREUtilities.m; sourceTree = "<group>"; };
		D1132F641D8181130083FC10 /* NSMutableAttributedString+KREUtils.h */ = {isa = PBXFileReference; fileEncoding = 4; lastKnownFileType = sourcecode.c.h; path = "NSMutableAttributedString+KREUtils.h"; sourceTree = "<group>"; };
		D1132F651D8181130083FC10 /* NSMutableAttributedString+KREUtils.m */ = {isa = PBXFileReference; fileEncoding = 4; lastKnownFileType = sourcecode.c.objc; path = "NSMutableAttributedString+KREUtils.m"; sourceTree = "<group>"; };
		D137B09E1D009285005E938E /* BotsViewController.swift */ = {isa = PBXFileReference; fileEncoding = 4; lastKnownFileType = sourcecode.swift; path = BotsViewController.swift; sourceTree = "<group>"; };
		D137B09F1D009285005E938E /* BotsViewController.xib */ = {isa = PBXFileReference; fileEncoding = 4; lastKnownFileType = file.xib; path = BotsViewController.xib; sourceTree = "<group>"; };
		D137B0A21D009285005E938E /* QuickSelectCommandCell.swift */ = {isa = PBXFileReference; fileEncoding = 4; lastKnownFileType = sourcecode.swift; path = QuickSelectCommandCell.swift; sourceTree = "<group>"; };
		D137B0A31D009285005E938E /* QuickSelectCommandCell.xib */ = {isa = PBXFileReference; fileEncoding = 4; lastKnownFileType = file.xib; path = QuickSelectCommandCell.xib; sourceTree = "<group>"; };
		D137B0A41D009285005E938E /* QuickSelectIdentityCell.swift */ = {isa = PBXFileReference; fileEncoding = 4; lastKnownFileType = sourcecode.swift; path = QuickSelectIdentityCell.swift; sourceTree = "<group>"; };
		D137B0A51D009285005E938E /* QuickSelectIdentityCell.xib */ = {isa = PBXFileReference; fileEncoding = 4; lastKnownFileType = file.xib; path = QuickSelectIdentityCell.xib; sourceTree = "<group>"; };
		D137B0A61D009285005E938E /* ChatMessagesViewController.swift */ = {isa = PBXFileReference; fileEncoding = 4; lastKnownFileType = sourcecode.swift; path = ChatMessagesViewController.swift; sourceTree = "<group>"; };
		D137B0A71D009285005E938E /* ChatMessagesViewController.xib */ = {isa = PBXFileReference; fileEncoding = 4; lastKnownFileType = file.xib; path = ChatMessagesViewController.xib; sourceTree = "<group>"; };
		D16D62E11CF5B7BC00752FC8 /* MessageComposeBar.swift */ = {isa = PBXFileReference; fileEncoding = 4; lastKnownFileType = sourcecode.swift; path = MessageComposeBar.swift; sourceTree = "<group>"; };
		D16D62E31CF5B7C800752FC8 /* MessageComposeBar.xib */ = {isa = PBXFileReference; fileEncoding = 4; lastKnownFileType = file.xib; path = MessageComposeBar.xib; sourceTree = "<group>"; };
		D175AD4A1CEF0CD500BB9442 /* KoreBotSDKDemo.app */ = {isa = PBXFileReference; explicitFileType = wrapper.application; includeInIndex = 0; path = KoreBotSDKDemo.app; sourceTree = BUILT_PRODUCTS_DIR; };
		D175AD4D1CEF0CD500BB9442 /* AppDelegate.swift */ = {isa = PBXFileReference; lastKnownFileType = sourcecode.swift; path = AppDelegate.swift; sourceTree = "<group>"; };
		D175AD571CEF0CD500BB9442 /* Base */ = {isa = PBXFileReference; lastKnownFileType = file.storyboard; name = Base; path = Base.lproj/LaunchScreen.storyboard; sourceTree = "<group>"; };
		D175AD591CEF0CD500BB9442 /* Info.plist */ = {isa = PBXFileReference; lastKnownFileType = text.plist.xml; path = Info.plist; sourceTree = "<group>"; };
		D1AA2A341CF3489000BE9789 /* ServerConfigs.swift */ = {isa = PBXFileReference; fileEncoding = 4; lastKnownFileType = sourcecode.swift; path = ServerConfigs.swift; sourceTree = "<group>"; };
		D1B944A71D04463F000AADA9 /* ImageComponentCollectionViewCell.swift */ = {isa = PBXFileReference; fileEncoding = 4; lastKnownFileType = sourcecode.swift; path = ImageComponentCollectionViewCell.swift; sourceTree = "<group>"; };
		D1B944A81D04463F000AADA9 /* ImageComponentCollectionViewCell.xib */ = {isa = PBXFileReference; fileEncoding = 4; lastKnownFileType = file.xib; path = ImageComponentCollectionViewCell.xib; sourceTree = "<group>"; };
		D1B944A91D04463F000AADA9 /* MultiImageBubbleView.swift */ = {isa = PBXFileReference; fileEncoding = 4; lastKnownFileType = sourcecode.swift; path = MultiImageBubbleView.swift; sourceTree = "<group>"; };
		D1B944AA1D04463F000AADA9 /* MultiImageBubbleView.xib */ = {isa = PBXFileReference; fileEncoding = 4; lastKnownFileType = file.xib; path = MultiImageBubbleView.xib; sourceTree = "<group>"; };
		D1CAF07D1CF0AEA3001BCAEF /* AppLaunchViewController.swift */ = {isa = PBXFileReference; fileEncoding = 4; lastKnownFileType = sourcecode.swift; path = AppLaunchViewController.swift; sourceTree = "<group>"; };
		D1CAF07E1CF0AEA3001BCAEF /* AppLaunchViewController.xib */ = {isa = PBXFileReference; fileEncoding = 4; lastKnownFileType = file.xib; path = AppLaunchViewController.xib; sourceTree = "<group>"; };
		D1CAF1531CF0AEA3001BCAEF /* Assets.xcassets */ = {isa = PBXFileReference; lastKnownFileType = folder.assetcatalog; path = Assets.xcassets; sourceTree = "<group>"; };
		D1CAF1541CF0AEA3001BCAEF /* KoreBotSDKDemo-Bridging-Header.h */ = {isa = PBXFileReference; fileEncoding = 4; lastKnownFileType = sourcecode.c.h; path = "KoreBotSDKDemo-Bridging-Header.h"; sourceTree = "<group>"; };
		D1F4E4F21CF709C40044C093 /* MessageBubbleCell.swift */ = {isa = PBXFileReference; fileEncoding = 4; lastKnownFileType = sourcecode.swift; path = MessageBubbleCell.swift; sourceTree = "<group>"; };
		D1F4E4F91CF709C40044C093 /* BotMessagesViewController.swift */ = {isa = PBXFileReference; fileEncoding = 4; lastKnownFileType = sourcecode.swift; path = BotMessagesViewController.swift; sourceTree = "<group>"; };
		D1F4E4FA1CF709C40044C093 /* BotMessagesViewController.xib */ = {isa = PBXFileReference; fileEncoding = 4; lastKnownFileType = file.xib; path = BotMessagesViewController.xib; sourceTree = "<group>"; };
		D1F4E5031CF70A8E0044C093 /* BubbleView.swift */ = {isa = PBXFileReference; fileEncoding = 4; lastKnownFileType = sourcecode.swift; path = BubbleView.swift; sourceTree = "<group>"; };
		D1F4E51C1CF716640044C093 /* Component.swift */ = {isa = PBXFileReference; fileEncoding = 4; lastKnownFileType = sourcecode.swift; path = Component.swift; sourceTree = "<group>"; };
		D1F4E51D1CF716640044C093 /* ComponentGroup.swift */ = {isa = PBXFileReference; fileEncoding = 4; lastKnownFileType = sourcecode.swift; path = ComponentGroup.swift; sourceTree = "<group>"; };
		D1F4E51E1CF716640044C093 /* Message.swift */ = {isa = PBXFileReference; fileEncoding = 4; lastKnownFileType = sourcecode.swift; path = Message.swift; sourceTree = "<group>"; };
		D1F4E5211CF716640044C093 /* SectionedThread.swift */ = {isa = PBXFileReference; fileEncoding = 4; lastKnownFileType = sourcecode.swift; path = SectionedThread.swift; sourceTree = "<group>"; };
		D1F4E5221CF716640044C093 /* Thread.swift */ = {isa = PBXFileReference; fileEncoding = 4; lastKnownFileType = sourcecode.swift; path = Thread.swift; sourceTree = "<group>"; };
/* End PBXFileReference section */

/* Begin PBXFrameworksBuildPhase section */
		D175AD471CEF0CD500BB9442 /* Frameworks */ = {
			isa = PBXFrameworksBuildPhase;
			buildActionMask = 2147483647;
			files = (
				2E1E49F68222AAA4C970168B /* Pods_KoreBotSDKDemo.framework in Frameworks */,
			);
			runOnlyForDeploymentPostprocessing = 0;
		};
/* End PBXFrameworksBuildPhase section */

/* Begin PBXGroup section */
		86187009BF585E2DB9E1A9D4 /* Pods */ = {
			isa = PBXGroup;
			children = (
				7092CBEB046F0BC9247CE8CE /* Pods-KoreBotSDKDemo.debug.xcconfig */,
				51D2300D7315E548B03ED7F4 /* Pods-KoreBotSDKDemo.release.xcconfig */,
			);
			name = Pods;
			sourceTree = "<group>";
		};
		A851461715333BEDEFC8310F /* Frameworks */ = {
			isa = PBXGroup;
			children = (
				6E1812F1242FE88925056F7C /* Pods_KoreBotSDKDemo.framework */,
			);
			name = Frameworks;
			sourceTree = "<group>";
		};
		D10A24571CF72FD400E2732C /* Text */ = {
			isa = PBXGroup;
			children = (
				D10A24591CF72FD400E2732C /* TextBubbleView.swift */,
			);
			path = Text;
			sourceTree = "<group>";
		};
		D1132F5D1D8181130083FC10 /* AttributedLabel */ = {
			isa = PBXGroup;
			children = (
				D1132F5E1D8181130083FC10 /* KREAttributedLabel.h */,
				D1132F5F1D8181130083FC10 /* KREAttributedLabel.m */,
				D1132F601D8181130083FC10 /* KRELayoutManager.h */,
				D1132F611D8181130083FC10 /* KRELayoutManager.m */,
				D1132F621D8181130083FC10 /* KREUtilities.h */,
				D1132F631D8181130083FC10 /* KREUtilities.m */,
				D1132F641D8181130083FC10 /* NSMutableAttributedString+KREUtils.h */,
				D1132F651D8181130083FC10 /* NSMutableAttributedString+KREUtils.m */,
			);
			path = AttributedLabel;
			sourceTree = "<group>";
		};
		D11499E11CF5899B003F5CC5 /* MessageComposeBar */ = {
			isa = PBXGroup;
			children = (
				D16D62E11CF5B7BC00752FC8 /* MessageComposeBar.swift */,
				D16D62E31CF5B7C800752FC8 /* MessageComposeBar.xib */,
			);
			name = MessageComposeBar;
			path = Elements/MessageComposeBar;
			sourceTree = "<group>";
		};
		D137B09D1D009285005E938E /* Bots */ = {
			isa = PBXGroup;
			children = (
				D137B09E1D009285005E938E /* BotsViewController.swift */,
				D137B09F1D009285005E938E /* BotsViewController.xib */,
			);
			path = Bots;
			sourceTree = "<group>";
		};
		D137B0A01D009285005E938E /* ChatMessages */ = {
			isa = PBXGroup;
			children = (
				D137B0A11D009285005E938E /* Cells */,
				D137B0A61D009285005E938E /* ChatMessagesViewController.swift */,
				D137B0A71D009285005E938E /* ChatMessagesViewController.xib */,
			);
			path = ChatMessages;
			sourceTree = "<group>";
		};
		D137B0A11D009285005E938E /* Cells */ = {
			isa = PBXGroup;
			children = (
				D137B0A21D009285005E938E /* QuickSelectCommandCell.swift */,
				D137B0A31D009285005E938E /* QuickSelectCommandCell.xib */,
				D137B0A41D009285005E938E /* QuickSelectIdentityCell.swift */,
				D137B0A51D009285005E938E /* QuickSelectIdentityCell.xib */,
			);
			path = Cells;
			sourceTree = "<group>";
		};
		D175AD411CEF0CD500BB9442 = {
			isa = PBXGroup;
			children = (
				D175AD4C1CEF0CD500BB9442 /* KoreBotSDKDemo */,
				D175AD4B1CEF0CD500BB9442 /* Products */,
				86187009BF585E2DB9E1A9D4 /* Pods */,
				A851461715333BEDEFC8310F /* Frameworks */,
			);
			sourceTree = "<group>";
		};
		D175AD4B1CEF0CD500BB9442 /* Products */ = {
			isa = PBXGroup;
			children = (
				D175AD4A1CEF0CD500BB9442 /* KoreBotSDKDemo.app */,
			);
			name = Products;
			sourceTree = "<group>";
		};
		D175AD4C1CEF0CD500BB9442 /* KoreBotSDKDemo */ = {
			isa = PBXGroup;
			children = (
				D1AA2A321CF3473600BE9789 /* Common */,
				D1CAF07B1CF0AEA3001BCAEF /* Controllers */,
				D1CAF08E1CF0AEA3001BCAEF /* Library */,
				D1CAF09E1CF0AEA3001BCAEF /* Resources */,
				D175AD4D1CEF0CD500BB9442 /* AppDelegate.swift */,
				D175AD561CEF0CD500BB9442 /* LaunchScreen.storyboard */,
				D175AD591CEF0CD500BB9442 /* Info.plist */,
			);
			path = KoreBotSDKDemo;
			sourceTree = "<group>";
		};
		D1AA2A321CF3473600BE9789 /* Common */ = {
			isa = PBXGroup;
			children = (
				D1AA2A341CF3489000BE9789 /* ServerConfigs.swift */,
				BBD07F161E040F9400A68FB6 /* SDKConfiguration.swift */,
			);
			path = Common;
			sourceTree = "<group>";
		};
		D1B944A61D04463F000AADA9 /* Image */ = {
			isa = PBXGroup;
			children = (
				D1B944A71D04463F000AADA9 /* ImageComponentCollectionViewCell.swift */,
				D1B944A81D04463F000AADA9 /* ImageComponentCollectionViewCell.xib */,
				D1B944A91D04463F000AADA9 /* MultiImageBubbleView.swift */,
				D1B944AA1D04463F000AADA9 /* MultiImageBubbleView.xib */,
			);
			path = Image;
			sourceTree = "<group>";
		};
		D1CAF07B1CF0AEA3001BCAEF /* Controllers */ = {
			isa = PBXGroup;
			children = (
				D137B09D1D009285005E938E /* Bots */,
				D137B0A01D009285005E938E /* ChatMessages */,
				D1F4E4F01CF708850044C093 /* BotMessages */,
				D1CAF07C1CF0AEA3001BCAEF /* AppLaunch */,
			);
			path = Controllers;
			sourceTree = "<group>";
		};
		D1CAF07C1CF0AEA3001BCAEF /* AppLaunch */ = {
			isa = PBXGroup;
			children = (
				D1CAF07D1CF0AEA3001BCAEF /* AppLaunchViewController.swift */,
				D1CAF07E1CF0AEA3001BCAEF /* AppLaunchViewController.xib */,
			);
			path = AppLaunch;
			sourceTree = "<group>";
		};
		D1CAF08E1CF0AEA3001BCAEF /* Library */ = {
			isa = PBXGroup;
			children = (
				D1132F5D1D8181130083FC10 /* AttributedLabel */,
				D1F4E5021CF70A720044C093 /* BubbleViews */,
				D11499E11CF5899B003F5CC5 /* MessageComposeBar */,
				D1CAF0941CF0AEA3001BCAEF /* Models */,
			);
			path = Library;
			sourceTree = "<group>";
		};
		D1CAF0941CF0AEA3001BCAEF /* Models */ = {
			isa = PBXGroup;
			children = (
				D1F4E51C1CF716640044C093 /* Component.swift */,
				D1F4E51D1CF716640044C093 /* ComponentGroup.swift */,
				D1F4E51E1CF716640044C093 /* Message.swift */,
				D1F4E5211CF716640044C093 /* SectionedThread.swift */,
				D1F4E5221CF716640044C093 /* Thread.swift */,
				D10A24731CF808A300E2732C /* Identity.swift */,
			);
			path = Models;
			sourceTree = "<group>";
		};
		D1CAF09E1CF0AEA3001BCAEF /* Resources */ = {
			isa = PBXGroup;
			children = (
				D1CAF1521CF0AEA3001BCAEF /* Images */,
				D1CAF1541CF0AEA3001BCAEF /* KoreBotSDKDemo-Bridging-Header.h */,
			);
			path = Resources;
			sourceTree = "<group>";
		};
		D1CAF1521CF0AEA3001BCAEF /* Images */ = {
			isa = PBXGroup;
			children = (
				D1CAF1531CF0AEA3001BCAEF /* Assets.xcassets */,
			);
			path = Images;
			sourceTree = "<group>";
		};
		D1F4E4F01CF708850044C093 /* BotMessages */ = {
			isa = PBXGroup;
			children = (
				D1F4E4F21CF709C40044C093 /* MessageBubbleCell.swift */,
				D1F4E4F91CF709C40044C093 /* BotMessagesViewController.swift */,
				D1F4E4FA1CF709C40044C093 /* BotMessagesViewController.xib */,
			);
			path = BotMessages;
			sourceTree = "<group>";
		};
		D1F4E5021CF70A720044C093 /* BubbleViews */ = {
			isa = PBXGroup;
			children = (
				D1B944A61D04463F000AADA9 /* Image */,
				D10A24571CF72FD400E2732C /* Text */,
				D1F4E5031CF70A8E0044C093 /* BubbleView.swift */,
			);
			path = BubbleViews;
			sourceTree = "<group>";
		};
/* End PBXGroup section */

/* Begin PBXNativeTarget section */
		D175AD491CEF0CD500BB9442 /* KoreBotSDKDemo */ = {
			isa = PBXNativeTarget;
			buildConfigurationList = D175AD5C1CEF0CD500BB9442 /* Build configuration list for PBXNativeTarget "KoreBotSDKDemo" */;
			buildPhases = (
				D5260BF35086AACB720425BA /* [CP] Check Pods Manifest.lock */,
				64BAE8CF4B9BCE4CA01C22D9 /* [CP] Check Pods Manifest.lock */,
				D175AD461CEF0CD500BB9442 /* Sources */,
				D175AD471CEF0CD500BB9442 /* Frameworks */,
				D175AD481CEF0CD500BB9442 /* Resources */,
				4E7E61A580D6B9452ECC5FC1 /* [CP] Embed Pods Frameworks */,
				02A028E5FB8530A5E7994665 /* [CP] Copy Pods Resources */,
				C3C37409D761BE7FAEEC0057 /* 📦 Embed Pods Frameworks */,
				BA575C1F20534E638AC297C6 /* 📦 Copy Pods Resources */,
			);
			buildRules = (
			);
			dependencies = (
			);
			name = KoreBotSDKDemo;
			productName = KoreBotSDKDemo;
			productReference = D175AD4A1CEF0CD500BB9442 /* KoreBotSDKDemo.app */;
			productType = "com.apple.product-type.application";
		};
/* End PBXNativeTarget section */

/* Begin PBXProject section */
		D175AD421CEF0CD500BB9442 /* Project object */ = {
			isa = PBXProject;
			attributes = {
				LastSwiftUpdateCheck = 0730;
				LastUpgradeCheck = 0800;
				ORGANIZATIONNAME = Kore;
				TargetAttributes = {
					D175AD491CEF0CD500BB9442 = {
						CreatedOnToolsVersion = 7.3;
						LastSwiftMigration = 0800;
					};
				};
			};
			buildConfigurationList = D175AD451CEF0CD500BB9442 /* Build configuration list for PBXProject "KoreBotSDKDemo" */;
			compatibilityVersion = "Xcode 3.2";
			developmentRegion = English;
			hasScannedForEncodings = 0;
			knownRegions = (
				en,
				Base,
			);
			mainGroup = D175AD411CEF0CD500BB9442;
			productRefGroup = D175AD4B1CEF0CD500BB9442 /* Products */;
			projectDirPath = "";
			projectRoot = "";
			targets = (
				D175AD491CEF0CD500BB9442 /* KoreBotSDKDemo */,
			);
		};
/* End PBXProject section */

/* Begin PBXResourcesBuildPhase section */
		D175AD481CEF0CD500BB9442 /* Resources */ = {
			isa = PBXResourcesBuildPhase;
			buildActionMask = 2147483647;
			files = (
				D137B0AB1D009285005E938E /* QuickSelectCommandCell.xib in Resources */,
				D1F4E5011CF709C40044C093 /* BotMessagesViewController.xib in Resources */,
				D1CAF15F1CF0AEA3001BCAEF /* AppLaunchViewController.xib in Resources */,
				D1B944AE1D04463F000AADA9 /* MultiImageBubbleView.xib in Resources */,
				D137B0AF1D009285005E938E /* ChatMessagesViewController.xib in Resources */,
				D137B0AD1D009285005E938E /* QuickSelectIdentityCell.xib in Resources */,
				D137B0A91D009285005E938E /* BotsViewController.xib in Resources */,
				D1CAF21A1CF0AEA3001BCAEF /* Assets.xcassets in Resources */,
				D175AD581CEF0CD500BB9442 /* LaunchScreen.storyboard in Resources */,
				D16D62E41CF5B7C800752FC8 /* MessageComposeBar.xib in Resources */,
				D1B944AC1D04463F000AADA9 /* ImageComponentCollectionViewCell.xib in Resources */,
			);
			runOnlyForDeploymentPostprocessing = 0;
		};
/* End PBXResourcesBuildPhase section */

/* Begin PBXShellScriptBuildPhase section */
		02A028E5FB8530A5E7994665 /* [CP] Copy Pods Resources */ = {
			isa = PBXShellScriptBuildPhase;
			buildActionMask = 2147483647;
			files = (
			);
			inputPaths = (
			);
			name = "[CP] Copy Pods Resources";
			outputPaths = (
			);
			runOnlyForDeploymentPostprocessing = 0;
			shellPath = /bin/sh;
			shellScript = "\"${SRCROOT}/../Pods/Target Support Files/Pods-KoreBotSDKDemo/Pods-KoreBotSDKDemo-resources.sh\"\n";
			showEnvVarsInLog = 0;
		};
		4E7E61A580D6B9452ECC5FC1 /* [CP] Embed Pods Frameworks */ = {
			isa = PBXShellScriptBuildPhase;
			buildActionMask = 2147483647;
			files = (
			);
			inputPaths = (
			);
			name = "[CP] Embed Pods Frameworks";
			outputPaths = (
			);
			runOnlyForDeploymentPostprocessing = 0;
			shellPath = /bin/sh;
			shellScript = "\"${SRCROOT}/../Pods/Target Support Files/Pods-KoreBotSDKDemo/Pods-KoreBotSDKDemo-frameworks.sh\"\n";
			showEnvVarsInLog = 0;
		};
		64BAE8CF4B9BCE4CA01C22D9 /* [CP] Check Pods Manifest.lock */ = {
			isa = PBXShellScriptBuildPhase;
			buildActionMask = 2147483647;
			files = (
			);
			inputPaths = (
			);
			name = "[CP] Check Pods Manifest.lock";
			outputPaths = (
			);
			runOnlyForDeploymentPostprocessing = 0;
			shellPath = /bin/sh;
			shellScript = "diff \"${PODS_ROOT}/../Podfile.lock\" \"${PODS_ROOT}/Manifest.lock\" > /dev/null\nif [[ $? != 0 ]] ; then\n    cat << EOM\nerror: The sandbox is not in sync with the Podfile.lock. Run 'pod install' or update your CocoaPods installation.\nEOM\n    exit 1\nfi\n";
			showEnvVarsInLog = 0;
		};
		BA575C1F20534E638AC297C6 /* 📦 Copy Pods Resources */ = {
			isa = PBXShellScriptBuildPhase;
			buildActionMask = 2147483647;
			files = (
			);
			inputPaths = (
			);
			name = "📦 Copy Pods Resources";
			outputPaths = (
			);
			runOnlyForDeploymentPostprocessing = 0;
			shellPath = /bin/sh;
			shellScript = "\"${SRCROOT}/../Pods/Target Support Files/Pods-KoreBotSDKDemo/Pods-KoreBotSDKDemo-resources.sh\"\n";
			showEnvVarsInLog = 0;
		};
		C3C37409D761BE7FAEEC0057 /* 📦 Embed Pods Frameworks */ = {
			isa = PBXShellScriptBuildPhase;
			buildActionMask = 2147483647;
			files = (
			);
			inputPaths = (
			);
			name = "📦 Embed Pods Frameworks";
			outputPaths = (
			);
			runOnlyForDeploymentPostprocessing = 0;
			shellPath = /bin/sh;
			shellScript = "\"${SRCROOT}/../Pods/Target Support Files/Pods-KoreBotSDKDemo/Pods-KoreBotSDKDemo-frameworks.sh\"\n";
			showEnvVarsInLog = 0;
		};
		D5260BF35086AACB720425BA /* [CP] Check Pods Manifest.lock */ = {
			isa = PBXShellScriptBuildPhase;
			buildActionMask = 2147483647;
			files = (
			);
			inputPaths = (
			);
			name = "[CP] Check Pods Manifest.lock";
			outputPaths = (
			);
			runOnlyForDeploymentPostprocessing = 0;
			shellPath = /bin/sh;
			shellScript = "diff \"${PODS_ROOT}/../Podfile.lock\" \"${PODS_ROOT}/Manifest.lock\" > /dev/null\nif [[ $? != 0 ]] ; then\n    cat << EOM\nerror: The sandbox is not in sync with the Podfile.lock. Run 'pod install' or update your CocoaPods installation.\nEOM\n    exit 1\nfi\n";
			showEnvVarsInLog = 0;
		};
/* End PBXShellScriptBuildPhase section */

/* Begin PBXSourcesBuildPhase section */
		D175AD461CEF0CD500BB9442 /* Sources */ = {
			isa = PBXSourcesBuildPhase;
			buildActionMask = 2147483647;
			files = (
				D1F4E5001CF709C40044C093 /* BotMessagesViewController.swift in Sources */,
				D1AA2A351CF3489000BE9789 /* ServerConfigs.swift in Sources */,
				D1F4E5261CF716640044C093 /* Component.swift in Sources */,
				D1132F661D8181130083FC10 /* KREAttributedLabel.m in Sources */,
				D137B0AA1D009285005E938E /* QuickSelectCommandCell.swift in Sources */,
				D10A245A1CF72FD400E2732C /* TextBubbleView.swift in Sources */,
				D1F4E5041CF70A8E0044C093 /* BubbleView.swift in Sources */,
				D1132F691D8181130083FC10 /* NSMutableAttributedString+KREUtils.m in Sources */,
				D1F4E4FB1CF709C40044C093 /* MessageBubbleCell.swift in Sources */,
				D175AD4E1CEF0CD500BB9442 /* AppDelegate.swift in Sources */,
				D137B0AE1D009285005E938E /* ChatMessagesViewController.swift in Sources */,
				D1B944AB1D04463F000AADA9 /* ImageComponentCollectionViewCell.swift in Sources */,
				D137B0AC1D009285005E938E /* QuickSelectIdentityCell.swift in Sources */,
				D1F4E52C1CF716640044C093 /* Thread.swift in Sources */,
				D1F4E5281CF716640044C093 /* Message.swift in Sources */,
				D1F4E5271CF716640044C093 /* ComponentGroup.swift in Sources */,
				D10A24741CF808A300E2732C /* Identity.swift in Sources */,
				D16D62E21CF5B7BC00752FC8 /* MessageComposeBar.swift in Sources */,
				BBD07F171E040F9400A68FB6 /* SDKConfiguration.swift in Sources */,
				D1CAF15E1CF0AEA3001BCAEF /* AppLaunchViewController.swift in Sources */,
				D1132F671D8181130083FC10 /* KRELayoutManager.m in Sources */,
				D1132F681D8181130083FC10 /* KREUtilities.m in Sources */,
				D137B0A81D009285005E938E /* BotsViewController.swift in Sources */,
				D1F4E52B1CF716640044C093 /* SectionedThread.swift in Sources */,
				D1B944AD1D04463F000AADA9 /* MultiImageBubbleView.swift in Sources */,
			);
			runOnlyForDeploymentPostprocessing = 0;
		};
/* End PBXSourcesBuildPhase section */

/* Begin PBXVariantGroup section */
		D175AD561CEF0CD500BB9442 /* LaunchScreen.storyboard */ = {
			isa = PBXVariantGroup;
			children = (
				D175AD571CEF0CD500BB9442 /* Base */,
			);
			name = LaunchScreen.storyboard;
			sourceTree = "<group>";
		};
/* End PBXVariantGroup section */

/* Begin XCBuildConfiguration section */
		D175AD5A1CEF0CD500BB9442 /* Debug */ = {
			isa = XCBuildConfiguration;
			buildSettings = {
				ALWAYS_SEARCH_USER_PATHS = NO;
				CLANG_ANALYZER_NONNULL = YES;
				CLANG_CXX_LANGUAGE_STANDARD = "gnu++0x";
				CLANG_CXX_LIBRARY = "libc++";
				CLANG_ENABLE_MODULES = YES;
				CLANG_ENABLE_OBJC_ARC = YES;
				CLANG_WARN_BOOL_CONVERSION = YES;
				CLANG_WARN_CONSTANT_CONVERSION = YES;
				CLANG_WARN_DIRECT_OBJC_ISA_USAGE = YES_ERROR;
				CLANG_WARN_EMPTY_BODY = YES;
				CLANG_WARN_ENUM_CONVERSION = YES;
				CLANG_WARN_INFINITE_RECURSION = YES;
				CLANG_WARN_INT_CONVERSION = YES;
				CLANG_WARN_OBJC_ROOT_CLASS = YES_ERROR;
				CLANG_WARN_SUSPICIOUS_MOVE = YES;
				CLANG_WARN_UNREACHABLE_CODE = YES;
				CLANG_WARN__DUPLICATE_METHOD_MATCH = YES;
				CODE_SIGN_IDENTITY = "iPhone Distribution: Kore, Inc";
				"CODE_SIGN_IDENTITY[sdk=iphoneos*]" = "iPhone Distribution: Kore, Inc";
				COPY_PHASE_STRIP = NO;
				DEBUG_INFORMATION_FORMAT = dwarf;
				ENABLE_STRICT_OBJC_MSGSEND = YES;
				ENABLE_TESTABILITY = YES;
				GCC_C_LANGUAGE_STANDARD = gnu99;
				GCC_DYNAMIC_NO_PIC = NO;
				GCC_NO_COMMON_BLOCKS = YES;
				GCC_OPTIMIZATION_LEVEL = 0;
				GCC_PREPROCESSOR_DEFINITIONS = (
					"DEBUG=1",
					"$(inherited)",
				);
				GCC_WARN_64_TO_32_BIT_CONVERSION = YES;
				GCC_WARN_ABOUT_RETURN_TYPE = YES_ERROR;
				GCC_WARN_UNDECLARED_SELECTOR = YES;
				GCC_WARN_UNINITIALIZED_AUTOS = YES_AGGRESSIVE;
				GCC_WARN_UNUSED_FUNCTION = YES;
				GCC_WARN_UNUSED_VARIABLE = YES;
				IPHONEOS_DEPLOYMENT_TARGET = 9.3;
				MTL_ENABLE_DEBUG_INFO = YES;
				ONLY_ACTIVE_ARCH = YES;
				SDKROOT = iphoneos;
				SWIFT_OPTIMIZATION_LEVEL = "-Onone";
				SWIFT_VERSION = 3.0;
				TARGETED_DEVICE_FAMILY = "1,2";
			};
			name = Debug;
		};
		D175AD5B1CEF0CD500BB9442 /* Release */ = {
			isa = XCBuildConfiguration;
			buildSettings = {
				ALWAYS_SEARCH_USER_PATHS = NO;
				CLANG_ANALYZER_NONNULL = YES;
				CLANG_CXX_LANGUAGE_STANDARD = "gnu++0x";
				CLANG_CXX_LIBRARY = "libc++";
				CLANG_ENABLE_MODULES = YES;
				CLANG_ENABLE_OBJC_ARC = YES;
				CLANG_WARN_BOOL_CONVERSION = YES;
				CLANG_WARN_CONSTANT_CONVERSION = YES;
				CLANG_WARN_DIRECT_OBJC_ISA_USAGE = YES_ERROR;
				CLANG_WARN_EMPTY_BODY = YES;
				CLANG_WARN_ENUM_CONVERSION = YES;
				CLANG_WARN_INFINITE_RECURSION = YES;
				CLANG_WARN_INT_CONVERSION = YES;
				CLANG_WARN_OBJC_ROOT_CLASS = YES_ERROR;
				CLANG_WARN_SUSPICIOUS_MOVE = YES;
				CLANG_WARN_UNREACHABLE_CODE = YES;
				CLANG_WARN__DUPLICATE_METHOD_MATCH = YES;
				CODE_SIGN_IDENTITY = "iPhone Distribution: Kore, Inc";
				"CODE_SIGN_IDENTITY[sdk=iphoneos*]" = "iPhone Distribution: Kore, Inc";
				COPY_PHASE_STRIP = NO;
				DEBUG_INFORMATION_FORMAT = "dwarf-with-dsym";
				ENABLE_NS_ASSERTIONS = NO;
				ENABLE_STRICT_OBJC_MSGSEND = YES;
				GCC_C_LANGUAGE_STANDARD = gnu99;
				GCC_NO_COMMON_BLOCKS = YES;
				GCC_WARN_64_TO_32_BIT_CONVERSION = YES;
				GCC_WARN_ABOUT_RETURN_TYPE = YES_ERROR;
				GCC_WARN_UNDECLARED_SELECTOR = YES;
				GCC_WARN_UNINITIALIZED_AUTOS = YES_AGGRESSIVE;
				GCC_WARN_UNUSED_FUNCTION = YES;
				GCC_WARN_UNUSED_VARIABLE = YES;
				IPHONEOS_DEPLOYMENT_TARGET = 9.3;
				MTL_ENABLE_DEBUG_INFO = NO;
				SDKROOT = iphoneos;
				SWIFT_OPTIMIZATION_LEVEL = "-Owholemodule";
				SWIFT_VERSION = 3.0;
				TARGETED_DEVICE_FAMILY = "1,2";
				VALIDATE_PRODUCT = YES;
			};
			name = Release;
		};
		D175AD5D1CEF0CD500BB9442 /* Debug */ = {
			isa = XCBuildConfiguration;
			baseConfigurationReference = 7092CBEB046F0BC9247CE8CE /* Pods-KoreBotSDKDemo.debug.xcconfig */;
			buildSettings = {
				ALWAYS_EMBED_SWIFT_STANDARD_LIBRARIES = "$(inherited)";
				ASSETCATALOG_COMPILER_APPICON_NAME = AppIcon;
				CLANG_ENABLE_MODULES = YES;
				INFOPLIST_FILE = KoreBotSDKDemo/Info.plist;
				LD_RUNPATH_SEARCH_PATHS = "$(inherited) @executable_path/Frameworks";
				OTHER_SWIFT_FLAGS = "$(inherited) \"-D\" \"COCOAPODS\" \"-DDEV_ENV\"";
				PRODUCT_BUNDLE_IDENTIFIER = com.kore.sdk;
				PRODUCT_NAME = "$(TARGET_NAME)";
				SWIFT_OBJC_BRIDGING_HEADER = "$(SRCROOT)/KoreBotSDKDemo/Resources/KoreBotSDKDemo-Bridging-Header.h";
				SWIFT_OPTIMIZATION_LEVEL = "-Onone";
				SWIFT_VERSION = 3.0;
			};
			name = Debug;
		};
		D175AD5E1CEF0CD500BB9442 /* Release */ = {
			isa = XCBuildConfiguration;
			baseConfigurationReference = 51D2300D7315E548B03ED7F4 /* Pods-KoreBotSDKDemo.release.xcconfig */;
			buildSettings = {
				ALWAYS_EMBED_SWIFT_STANDARD_LIBRARIES = "$(inherited)";
				ASSETCATALOG_COMPILER_APPICON_NAME = AppIcon;
				CLANG_ENABLE_MODULES = YES;
				INFOPLIST_FILE = KoreBotSDKDemo/Info.plist;
				LD_RUNPATH_SEARCH_PATHS = "$(inherited) @executable_path/Frameworks";
				OTHER_SWIFT_FLAGS = "$(inherited) \"-D\" \"COCOAPODS\" \"-DDEV_ENV\"";
				PRODUCT_BUNDLE_IDENTIFIER = com.kore.sdk;
				PRODUCT_NAME = "$(TARGET_NAME)";
				SWIFT_OBJC_BRIDGING_HEADER = "$(SRCROOT)/KoreBotSDKDemo/Resources/KoreBotSDKDemo-Bridging-Header.h";
				SWIFT_VERSION = 3.0;
			};
			name = Release;
		};
/* End XCBuildConfiguration section */

/* Begin XCConfigurationList section */
		D175AD451CEF0CD500BB9442 /* Build configuration list for PBXProject "KoreBotSDKDemo" */ = {
			isa = XCConfigurationList;
			buildConfigurations = (
				D175AD5A1CEF0CD500BB9442 /* Debug */,
				D175AD5B1CEF0CD500BB9442 /* Release */,
			);
			defaultConfigurationIsVisible = 0;
			defaultConfigurationName = Release;
		};
		D175AD5C1CEF0CD500BB9442 /* Build configuration list for PBXNativeTarget "KoreBotSDKDemo" */ = {
			isa = XCConfigurationList;
			buildConfigurations = (
				D175AD5D1CEF0CD500BB9442 /* Debug */,
				D175AD5E1CEF0CD500BB9442 /* Release */,
			);
			defaultConfigurationIsVisible = 0;
			defaultConfigurationName = Release;
		};
/* End XCConfigurationList section */
	};
	rootObject = D175AD421CEF0CD500BB9442 /* Project object */;
}
