{
  "object": {
    "pins": [
      {
        "package": "Alamofire",
        "repositoryURL": "https://github.com/Alamofire/Alamofire.git",
        "state": {
          "branch": null,
          "revision": "f455c2975872ccd2d9c81594c658af65716e9b9a",
          "version": "5.9.1"
        }
      },
      {
        "package": "AlamofireImage",
        "repositoryURL": "https://github.com/Alamofire/AlamofireImage.git",
        "state": {
          "branch": null,
          "revision": "1eaf3b6c6882bed10f6e7b119665599dd2329aa1",
          "version": "4.3.0"
        }
      },
      {
        "package": "DGCharts",
        "repositoryURL": "https://github.com/danielgindi/Charts.git",
        "state": {
          "branch": null,
          "revision": "dd9c72e3d7e751e769971092a6bd72d39198ae63",
          "version": "5.1.0"
        }
      },
      {
        "package": "Emoji",
        "repositoryURL": "https://github.com/safx/Emoji-Swift",
        "state": {
          "branch": null,
          "revision": "32be066636e3273c9938dd35e9e8d2373480a03c",
          "version": "0.4.0"
        }
      },
      {
        "package": "FMPhotoPicker",
        "repositoryURL": "https://github.com/congnd/FMPhotoPicker.git",
        "state": {
          "branch": null,
          "revision": "fccd843f042b12570bf0daa549b917792362784d",
          "version": "1.3.0"
        }
      },
      {
        "package": "GhostTypewriter",
        "repositoryURL": "https://github.com/wibosco/GhostTypewriter",
        "state": {
          "branch": null,
          "revision": "878f4785c805b332454beedeaa145c524d059f64",
          "version": "2.1.0"
        }
      },
      {
        "package": "MarkdownKit",
        "repositoryURL": "https://github.com/bmoliveira/MarkdownKit.git",
        "state": {
          "branch": null,
          "revision": "5056f3305d3499f44d8815530d560b87082e0cf5",
          "version": "1.7.1"
        }
      },
      {
        "package": "ObjectMapper",
        "repositoryURL": "https://github.com/tristanhimmelman/ObjectMapper.git",
        "state": {
          "branch": null,
          "revision": "c3696dca1370233227d640f7e7e52f2d374bb024",
          "version": "4.1.0"
        }
      },
      {
        "package": "Starscream",
        "repositoryURL": "https://github.com/daltoniam/Starscream.git",
        "state": {
          "branch": null,
          "revision": "c6bfd1af48efcc9a9ad203665db12375ba6b145a",
          "version": "4.0.8"
        }
      },
      {
        "package": "SwiftUTI",
        "repositoryURL": "https://github.com/mkeiser/SwiftUTI",
        "state": {
          "branch": "master",
          "revision": "7a79af868845e6efe28ac7c628b952df8763e845",
          "version": null
        }
      }
    ]
  },
  "version": 1
}
