// !$*UTF8*$!
{
	archiveVersion = 1;
	classes = {
	};
	objectVersion = 46;
	objects = {

/* Begin PBXBuildFile section */
		050267521DEC65BF001256D3 /* AVFoundation.framework in Frameworks */ = {isa = PBXBuildFile; fileRef = 050267511DEC65BF001256D3 /* AVFoundation.framework */; };
		0590F8441DED7A1B00107721 /* AudioToolbox.framework in Frameworks */ = {isa = PBXBuildFile; fileRef = 0590F8401DED7A1B00107721 /* AudioToolbox.framework */; };
		0590F8461DED7A1B00107721 /* CoreAudio.framework in Frameworks */ = {isa = PBXBuildFile; fileRef = 0590F8421DED7A1B00107721 /* CoreAudio.framework */; };
		1D9FA1702AE04EE1A8F6AF2C /* Pods_KoreBotSDKDemo.framework in Frameworks */ = {isa = PBXBuildFile; fileRef = 72429688E34420AAB8AF9E01 /* Pods_KoreBotSDKDemo.framework */; };
		CD445135250B7C4700879219 /* ListWidgetBubbleView.swift in Sources */ = {isa = PBXBuildFile; fileRef = CD445134250B7C4700879219 /* ListWidgetBubbleView.swift */; };
		CD445138250B7C5400879219 /* ListWidgetDetailsViewController.swift in Sources */ = {isa = PBXBuildFile; fileRef = CD445136250B7C5300879219 /* ListWidgetDetailsViewController.swift */; };
		CD445139250B7C5400879219 /* ListWidgetDetailsViewController.xib in Resources */ = {isa = PBXBuildFile; fileRef = CD445137250B7C5300879219 /* ListWidgetDetailsViewController.xib */; };
		CD445141250B852100879219 /* FeedbackCell.xib in Resources */ = {isa = PBXBuildFile; fileRef = CD44513B250B851F00879219 /* FeedbackCell.xib */; };
		CD445142250B852100879219 /* FeedbackSliderViewController.xib in Resources */ = {isa = PBXBuildFile; fileRef = CD44513C250B852000879219 /* FeedbackSliderViewController.xib */; };
		CD445143250B852100879219 /* FeedbackSliderViewController.swift in Sources */ = {isa = PBXBuildFile; fileRef = CD44513D250B852000879219 /* FeedbackSliderViewController.swift */; };
		CD445144250B852100879219 /* iOSDevCenters+GIF.swift in Sources */ = {isa = PBXBuildFile; fileRef = CD44513E250B852000879219 /* iOSDevCenters+GIF.swift */; };
		CD445145250B852100879219 /* FeedbackCell.swift in Sources */ = {isa = PBXBuildFile; fileRef = CD44513F250B852000879219 /* FeedbackCell.swift */; };
		CD445146250B852100879219 /* FeedbackBubbleView.swift in Sources */ = {isa = PBXBuildFile; fileRef = CD445140250B852100879219 /* FeedbackBubbleView.swift */; };
		CD445149250B855000879219 /* FloatRatingView.swift in Sources */ = {isa = PBXBuildFile; fileRef = CD445148250B855000879219 /* FloatRatingView.swift */; };
		CD445150250B855F00879219 /* ratingselect_4.gif in Resources */ = {isa = PBXBuildFile; fileRef = CD44514B250B855F00879219 /* ratingselect_4.gif */; };
		CD445151250B855F00879219 /* ratingselect_5.gif in Resources */ = {isa = PBXBuildFile; fileRef = CD44514C250B855F00879219 /* ratingselect_5.gif */; };
		CD445152250B855F00879219 /* ratingselect_1.gif in Resources */ = {isa = PBXBuildFile; fileRef = CD44514D250B855F00879219 /* ratingselect_1.gif */; };
		CD445153250B855F00879219 /* ratingselect_2.gif in Resources */ = {isa = PBXBuildFile; fileRef = CD44514E250B855F00879219 /* ratingselect_2.gif */; };
		CD445154250B855F00879219 /* ratingselect_3.gif in Resources */ = {isa = PBXBuildFile; fileRef = CD44514F250B855F00879219 /* ratingselect_3.gif */; };
		CD4B000124D164CB008E08CE /* TaskMenuViewController.swift in Sources */ = {isa = PBXBuildFile; fileRef = CD4BFFFF24D164CB008E08CE /* TaskMenuViewController.swift */; };
		CD4B000224D164CB008E08CE /* TaskMenuViewController.xib in Resources */ = {isa = PBXBuildFile; fileRef = CD4B000024D164CB008E08CE /* TaskMenuViewController.xib */; };
		CD4BFFF924D16091008E08CE /* NotificationBubbleView.swift in Sources */ = {isa = PBXBuildFile; fileRef = CD4BFFF824D16091008E08CE /* NotificationBubbleView.swift */; };
		CD4BFFFC24D160CA008E08CE /* NotificationCustomView.xib in Resources */ = {isa = PBXBuildFile; fileRef = CD4BFFFA24D160CA008E08CE /* NotificationCustomView.xib */; };
		CD4BFFFD24D160CA008E08CE /* NotificationCustomView.swift in Sources */ = {isa = PBXBuildFile; fileRef = CD4BFFFB24D160CA008E08CE /* NotificationCustomView.swift */; };
		CD63DA4824EAB98B00DCCCCE /* MultiSelectNewBubbleView.swift in Sources */ = {isa = PBXBuildFile; fileRef = CD63DA4724EAB98B00DCCCCE /* MultiSelectNewBubbleView.swift */; };
		CD63DA4B24EAB9A700DCCCCE /* MultiSelectCell.swift in Sources */ = {isa = PBXBuildFile; fileRef = CD63DA4924EAB9A700DCCCCE /* MultiSelectCell.swift */; };
		CD63DA4C24EAB9A700DCCCCE /* MultiSelectCell.xib in Resources */ = {isa = PBXBuildFile; fileRef = CD63DA4A24EAB9A700DCCCCE /* MultiSelectCell.xib */; };
		CD89236724C55BAC006F71DE /* CalenderBubbleView.swift in Sources */ = {isa = PBXBuildFile; fileRef = CD89236424C55BAB006F71DE /* CalenderBubbleView.swift */; };
		CD89236824C55BAC006F71DE /* CalenderViewController.swift in Sources */ = {isa = PBXBuildFile; fileRef = CD89236524C55BAB006F71DE /* CalenderViewController.swift */; };
		CD89236924C55BAC006F71DE /* CalenderViewController.xib in Resources */ = {isa = PBXBuildFile; fileRef = CD89236624C55BAB006F71DE /* CalenderViewController.xib */; };
		CD89236D24C5614E006F71DE /* QuickRepliesData.swift in Sources */ = {isa = PBXBuildFile; fileRef = CD89236B24C5614D006F71DE /* QuickRepliesData.swift */; };
		CD89236E24C5614E006F71DE /* QuickReplyWelcomeBubbleView.swift in Sources */ = {isa = PBXBuildFile; fileRef = CD89236C24C5614E006F71DE /* QuickReplyWelcomeBubbleView.swift */; };
		CD89237024C562A2006F71DE /* QuickReplyCollectionViewFlowLayout.swift in Sources */ = {isa = PBXBuildFile; fileRef = CD89236F24C562A2006F71DE /* QuickReplyCollectionViewFlowLayout.swift */; };
		CDB869FB24C0093A00D1CCC7 /* NewListData.swift in Sources */ = {isa = PBXBuildFile; fileRef = CDB869F524C0093A00D1CCC7 /* NewListData.swift */; };
		CDB869FC24C0093A00D1CCC7 /* NewListTableViewCell.xib in Resources */ = {isa = PBXBuildFile; fileRef = CDB869F724C0093A00D1CCC7 /* NewListTableViewCell.xib */; };
		CDB869FD24C0093A00D1CCC7 /* NewListBubbleView.swift in Sources */ = {isa = PBXBuildFile; fileRef = CDB869F824C0093A00D1CCC7 /* NewListBubbleView.swift */; };
		CDB869FE24C0093A00D1CCC7 /* ListViewDetailsViewController.swift in Sources */ = {isa = PBXBuildFile; fileRef = CDB869F924C0093A00D1CCC7 /* ListViewDetailsViewController.swift */; };
		CDB869FF24C0093A00D1CCC7 /* NewListTableViewCell.swift in Sources */ = {isa = PBXBuildFile; fileRef = CDB869FA24C0093A00D1CCC7 /* NewListTableViewCell.swift */; };
		CDB86A0124C0099300D1CCC7 /* ListViewDetailsViewController.xib in Resources */ = {isa = PBXBuildFile; fileRef = CDB86A0024C0099300D1CCC7 /* ListViewDetailsViewController.xib */; };
		CDB86A0824C00CD000D1CCC7 /* TaskMenuTablViewCell.xib in Resources */ = {isa = PBXBuildFile; fileRef = CDB86A0324C00CCF00D1CCC7 /* TaskMenuTablViewCell.xib */; };
		CDB86A0A24C00CD000D1CCC7 /* TaskMenu.json in Resources */ = {isa = PBXBuildFile; fileRef = CDB86A0524C00CD000D1CCC7 /* TaskMenu.json */; };
		CDB86A0B24C00CD000D1CCC7 /* TaskMenuData.swift in Sources */ = {isa = PBXBuildFile; fileRef = CDB86A0624C00CD000D1CCC7 /* TaskMenuData.swift */; };
		CDB86A0C24C00CD000D1CCC7 /* TaskMenuTablViewCell.swift in Sources */ = {isa = PBXBuildFile; fileRef = CDB86A0724C00CD000D1CCC7 /* TaskMenuTablViewCell.swift */; };
		CDB86A0F24C0127C00D1CCC7 /* TableListData.swift in Sources */ = {isa = PBXBuildFile; fileRef = CDB86A0E24C0127C00D1CCC7 /* TableListData.swift */; };
		CDB86A1124C0128F00D1CCC7 /* TableListBubbleView.swift in Sources */ = {isa = PBXBuildFile; fileRef = CDB86A1024C0128F00D1CCC7 /* TableListBubbleView.swift */; };
		D101F91E24E163F700D47DB8 /* ChatMessagesViewController.swift in Sources */ = {isa = PBXBuildFile; fileRef = D101F91024E163F700D47DB8 /* ChatMessagesViewController.swift */; };
		D101F91F24E163F700D47DB8 /* KABottomSheetViewController.swift in Sources */ = {isa = PBXBuildFile; fileRef = D101F91224E163F700D47DB8 /* KABottomSheetViewController.swift */; };
		D101F92024E163F700D47DB8 /* KoraNotification.swift in Sources */ = {isa = PBXBuildFile; fileRef = D101F91324E163F700D47DB8 /* KoraNotification.swift */; };
		D101F92124E163F700D47DB8 /* KoraAssistant.swift in Sources */ = {isa = PBXBuildFile; fileRef = D101F91424E163F700D47DB8 /* KoraAssistant.swift */; };
		D101F92224E163F800D47DB8 /* KAPanelWindowManager.swift in Sources */ = {isa = PBXBuildFile; fileRef = D101F91524E163F700D47DB8 /* KAPanelWindowManager.swift */; };
		D101F92324E163F800D47DB8 /* KAPanelCollectionView.swift in Sources */ = {isa = PBXBuildFile; fileRef = D101F91624E163F700D47DB8 /* KAPanelCollectionView.swift */; };
		D101F92424E163F800D47DB8 /* ApplicationManager.swift in Sources */ = {isa = PBXBuildFile; fileRef = D101F91724E163F700D47DB8 /* ApplicationManager.swift */; };
		D101F92524E163F800D47DB8 /* UIViewController+Kora.swift in Sources */ = {isa = PBXBuildFile; fileRef = D101F91824E163F700D47DB8 /* UIViewController+Kora.swift */; };
		D101F92624E163F800D47DB8 /* KAPanelItemViewController.swift in Sources */ = {isa = PBXBuildFile; fileRef = D101F91924E163F700D47DB8 /* KAPanelItemViewController.swift */; };
		D101F92824E163F800D47DB8 /* ChatMessagesViewController+Widgets.swift in Sources */ = {isa = PBXBuildFile; fileRef = D101F91B24E163F700D47DB8 /* ChatMessagesViewController+Widgets.swift */; };
		D101F92924E163F800D47DB8 /* KAPanelHeaderView.swift in Sources */ = {isa = PBXBuildFile; fileRef = D101F91C24E163F700D47DB8 /* KAPanelHeaderView.swift */; };
		D101F92A24E163F800D47DB8 /* ChatMessagesViewController.xib in Resources */ = {isa = PBXBuildFile; fileRef = D101F91D24E163F700D47DB8 /* ChatMessagesViewController.xib */; };
		D15041091DE2C4BC00F2F92E /* Messages.plist in Resources */ = {isa = PBXBuildFile; fileRef = D15041081DE2C4BC00F2F92E /* Messages.plist */; };
		D15045D51DE422CB008DE46E /* BotConfiguration.plist in Resources */ = {isa = PBXBuildFile; fileRef = D15045D41DE422CB008DE46E /* BotConfiguration.plist */; };
		D175AD4E1CEF0CD500BB9442 /* AppDelegate.swift in Sources */ = {isa = PBXBuildFile; fileRef = D175AD4D1CEF0CD500BB9442 /* AppDelegate.swift */; };
		D175AD581CEF0CD500BB9442 /* LaunchScreen.storyboard in Resources */ = {isa = PBXBuildFile; fileRef = D175AD561CEF0CD500BB9442 /* LaunchScreen.storyboard */; };
		D1A12B6E1E84DD3500F4E2B4 /* SDKConfiguration.swift in Sources */ = {isa = PBXBuildFile; fileRef = D1A12B6D1E84DD3500F4E2B4 /* SDKConfiguration.swift */; };
		D1CAF21A1CF0AEA3001BCAEF /* Assets.xcassets in Resources */ = {isa = PBXBuildFile; fileRef = D1CAF1531CF0AEA3001BCAEF /* Assets.xcassets */; };
		D1EBD067227C5ECF0004C349 /* KABotClient.swift in Sources */ = {isa = PBXBuildFile; fileRef = D1EBD066227C5ECF0004C349 /* KABotClient.swift */; };
		D1F338C32201D99A005BE5F1 /* CoreDataManager.swift in Sources */ = {isa = PBXBuildFile; fileRef = D1F3385D2201D99A005BE5F1 /* CoreDataManager.swift */; };
		D1F338C42201D99A005BE5F1 /* DataStoreManager.swift in Sources */ = {isa = PBXBuildFile; fileRef = D1F3385E2201D99A005BE5F1 /* DataStoreManager.swift */; };
		D1F338C52201D99A005BE5F1 /* Common.swift in Sources */ = {isa = PBXBuildFile; fileRef = D1F338602201D99A005BE5F1 /* Common.swift */; };
		D1F338C62201D99A005BE5F1 /* KREMessage+CoreDataProperties.swift in Sources */ = {isa = PBXBuildFile; fileRef = D1F338622201D99A005BE5F1 /* KREMessage+CoreDataProperties.swift */; };
		D1F338C72201D99A005BE5F1 /* KREThread+CoreDataClass.swift in Sources */ = {isa = PBXBuildFile; fileRef = D1F338632201D99A005BE5F1 /* KREThread+CoreDataClass.swift */; };
		D1F338C82201D99A005BE5F1 /* DataModel.xcdatamodeld in Sources */ = {isa = PBXBuildFile; fileRef = D1F338642201D99A005BE5F1 /* DataModel.xcdatamodeld */; };
		D1F338C92201D99A005BE5F1 /* KREThread+CoreDataProperties.swift in Sources */ = {isa = PBXBuildFile; fileRef = D1F338662201D99A005BE5F1 /* KREThread+CoreDataProperties.swift */; };
		D1F338CA2201D99A005BE5F1 /* KREMessage+CoreDataClass.swift in Sources */ = {isa = PBXBuildFile; fileRef = D1F338672201D99A005BE5F1 /* KREMessage+CoreDataClass.swift */; };
		D1F338CB2201D99A005BE5F1 /* KREContact+CoreDataProperties.swift in Sources */ = {isa = PBXBuildFile; fileRef = D1F338682201D99A005BE5F1 /* KREContact+CoreDataProperties.swift */; };
		D1F338CC2201D99A005BE5F1 /* KREContact+CoreDataClass.swift in Sources */ = {isa = PBXBuildFile; fileRef = D1F338692201D99A005BE5F1 /* KREContact+CoreDataClass.swift */; };
		D1F338CD2201D99A005BE5F1 /* KREComponent+CoreDataClass.swift in Sources */ = {isa = PBXBuildFile; fileRef = D1F3386A2201D99A005BE5F1 /* KREComponent+CoreDataClass.swift */; };
		D1F338CE2201D99A005BE5F1 /* KREComponent+CoreDataProperties.swift in Sources */ = {isa = PBXBuildFile; fileRef = D1F3386B2201D99A005BE5F1 /* KREComponent+CoreDataProperties.swift */; };
		D1F338CF2201D99A005BE5F1 /* TSBaseParser.m in Sources */ = {isa = PBXBuildFile; fileRef = D1F3386F2201D99A005BE5F1 /* TSBaseParser.m */; };
		D1F338D02201D99A005BE5F1 /* TSMarkdownParser.m in Sources */ = {isa = PBXBuildFile; fileRef = D1F338722201D99A005BE5F1 /* TSMarkdownParser.m */; };
		D1F338D12201D99A005BE5F1 /* AudioController.swift in Sources */ = {isa = PBXBuildFile; fileRef = D1F338742201D99A005BE5F1 /* AudioController.swift */; };
		D1F338D22201D99A005BE5F1 /* KoraASRService.swift in Sources */ = {isa = PBXBuildFile; fileRef = D1F338752201D99A005BE5F1 /* KoraASRService.swift */; };
		D1F338D32201D99A005BE5F1 /* CALayer+MBAnimationPersistence.m in Sources */ = {isa = PBXBuildFile; fileRef = D1F338772201D99A005BE5F1 /* CALayer+MBAnimationPersistence.m */; };
		D1F338D42201D99A005BE5F1 /* Identity.swift in Sources */ = {isa = PBXBuildFile; fileRef = D1F3387A2201D99A005BE5F1 /* Identity.swift */; };
		D1F338D52201D99A005BE5F1 /* Message.swift in Sources */ = {isa = PBXBuildFile; fileRef = D1F3387B2201D99A005BE5F1 /* Message.swift */; };
		D1F338D62201D99A005BE5F1 /* Thread.swift in Sources */ = {isa = PBXBuildFile; fileRef = D1F3387C2201D99A005BE5F1 /* Thread.swift */; };
		D1F338D72201D99A005BE5F1 /* Component.swift in Sources */ = {isa = PBXBuildFile; fileRef = D1F3387D2201D99A005BE5F1 /* Component.swift */; };
		D1F338D82201D99A005BE5F1 /* SectionedThread.swift in Sources */ = {isa = PBXBuildFile; fileRef = D1F3387E2201D99A005BE5F1 /* SectionedThread.swift */; };
		D1F338D92201D99A005BE5F1 /* ComposeBarView.swift in Sources */ = {isa = PBXBuildFile; fileRef = D1F338802201D99A005BE5F1 /* ComposeBarView.swift */; };
		D1F338DA2201D99A005BE5F1 /* AudioComposeView.swift in Sources */ = {isa = PBXBuildFile; fileRef = D1F338832201D99A005BE5F1 /* AudioComposeView.swift */; };
		D1F338DB2201D99A005BE5F1 /* NSMutableAttributedString+KREUtils.m in Sources */ = {isa = PBXBuildFile; fileRef = D1F338852201D99A005BE5F1 /* NSMutableAttributedString+KREUtils.m */; };
		D1F338DC2201D99A005BE5F1 /* KRELayoutManager.m in Sources */ = {isa = PBXBuildFile; fileRef = D1F338892201D99A005BE5F1 /* KRELayoutManager.m */; };
		D1F338DD2201D99A005BE5F1 /* KREAttributedLabel.m in Sources */ = {isa = PBXBuildFile; fileRef = D1F3388B2201D99A005BE5F1 /* KREAttributedLabel.m */; };
		D1F338DE2201D99A005BE5F1 /* KREUtilities.m in Sources */ = {isa = PBXBuildFile; fileRef = D1F3388C2201D99A005BE5F1 /* KREUtilities.m */; };
		D1F338DF2201D99A005BE5F1 /* OptionsBubbleView.swift in Sources */ = {isa = PBXBuildFile; fileRef = D1F3388F2201D99A005BE5F1 /* OptionsBubbleView.swift */; };
		D1F338E02201D99A005BE5F1 /* ChartBubbleView.swift in Sources */ = {isa = PBXBuildFile; fileRef = D1F338912201D99A005BE5F1 /* ChartBubbleView.swift */; };
		D1F338E12201D99A005BE5F1 /* BalloonMarker.swift in Sources */ = {isa = PBXBuildFile; fileRef = D1F338922201D99A005BE5F1 /* BalloonMarker.swift */; };
		D1F338E22201D99A005BE5F1 /* CarouselBubbleView.swift in Sources */ = {isa = PBXBuildFile; fileRef = D1F338942201D99A005BE5F1 /* CarouselBubbleView.swift */; };
		D1F338E32201D99A005BE5F1 /* MultiImageBubbleView.swift in Sources */ = {isa = PBXBuildFile; fileRef = D1F338962201D99A005BE5F1 /* MultiImageBubbleView.swift */; };
		D1F338E42201D99A005BE5F1 /* ImageComponentCollectionViewCell.xib in Resources */ = {isa = PBXBuildFile; fileRef = D1F338972201D99A005BE5F1 /* ImageComponentCollectionViewCell.xib */; };
		D1F338E52201D99A005BE5F1 /* ImageComponentCollectionViewCell.swift in Sources */ = {isa = PBXBuildFile; fileRef = D1F338982201D99A005BE5F1 /* ImageComponentCollectionViewCell.swift */; };
		D1F338E62201D99A005BE5F1 /* MultiImageBubbleView.xib in Resources */ = {isa = PBXBuildFile; fileRef = D1F338992201D99A005BE5F1 /* MultiImageBubbleView.xib */; };
		D1F338E72201D99A005BE5F1 /* BubbleView.swift in Sources */ = {isa = PBXBuildFile; fileRef = D1F3389A2201D99A005BE5F1 /* BubbleView.swift */; };
		D1F338E82201D99A005BE5F1 /* ResponsiveTableBubbleView.swift in Sources */ = {isa = PBXBuildFile; fileRef = D1F3389C2201D99A005BE5F1 /* ResponsiveTableBubbleView.swift */; };
		D1F338E92201D99A005BE5F1 /* MiniTableBubbleView.swift in Sources */ = {isa = PBXBuildFile; fileRef = D1F3389D2201D99A005BE5F1 /* MiniTableBubbleView.swift */; };
		D1F338EA2201D99A005BE5F1 /* CustomCollectionViewLayout.swift in Sources */ = {isa = PBXBuildFile; fileRef = D1F3389F2201D99A005BE5F1 /* CustomCollectionViewLayout.swift */; };
		D1F338EB2201D99A005BE5F1 /* CustomCollectionViewCell.swift in Sources */ = {isa = PBXBuildFile; fileRef = D1F338A02201D99A005BE5F1 /* CustomCollectionViewCell.swift */; };
		D1F338EC2201D99A005BE5F1 /* CustomCollectionViewCell.xib in Resources */ = {isa = PBXBuildFile; fileRef = D1F338A12201D99A005BE5F1 /* CustomCollectionViewCell.xib */; };
		D1F338ED2201D99A005BE5F1 /* TableBubbleView.swift in Sources */ = {isa = PBXBuildFile; fileRef = D1F338A22201D99A005BE5F1 /* TableBubbleView.swift */; };
		D1F338EE2201D99A005BE5F1 /* SubTableViewCell.swift in Sources */ = {isa = PBXBuildFile; fileRef = D1F338A32201D99A005BE5F1 /* SubTableViewCell.swift */; };
		D1F338EF2201D99A005BE5F1 /* ExpandedTableViewCell.swift in Sources */ = {isa = PBXBuildFile; fileRef = D1F338A42201D99A005BE5F1 /* ExpandedTableViewCell.swift */; };
		D1F338F02201D99A005BE5F1 /* ResponsiveCustonCell.swift in Sources */ = {isa = PBXBuildFile; fileRef = D1F338A52201D99A005BE5F1 /* ResponsiveCustonCell.swift */; };
		D1F338F12201D99A005BE5F1 /* MiniTableViewCell.swift in Sources */ = {isa = PBXBuildFile; fileRef = D1F338A62201D99A005BE5F1 /* MiniTableViewCell.swift */; };
		D1F338F22201D99A005BE5F1 /* MenuBubbleView.swift in Sources */ = {isa = PBXBuildFile; fileRef = D1F338A82201D99A005BE5F1 /* MenuBubbleView.swift */; };
		D1F338F32201D99A005BE5F1 /* ListBubbleView.swift in Sources */ = {isa = PBXBuildFile; fileRef = D1F338A92201D99A005BE5F1 /* ListBubbleView.swift */; };
		D1F338F42201D99A005BE5F1 /* TextBubbleView.swift in Sources */ = {isa = PBXBuildFile; fileRef = D1F338AB2201D99A005BE5F1 /* TextBubbleView.swift */; };
		D1F338F72201D99A005BE5F1 /* TableTemplateViewController.swift in Sources */ = {isa = PBXBuildFile; fileRef = D1F338B12201D99A005BE5F1 /* TableTemplateViewController.swift */; };
		D1F338F82201D99A005BE5F1 /* TableTemplateViewController.xib in Resources */ = {isa = PBXBuildFile; fileRef = D1F338B22201D99A005BE5F1 /* TableTemplateViewController.xib */; };
		D1F338F92201D99A005BE5F1 /* InputTOWebViewController.swift in Sources */ = {isa = PBXBuildFile; fileRef = D1F338B32201D99A005BE5F1 /* InputTOWebViewController.swift */; };
		D1F338FA2201D99A005BE5F1 /* KRETypingActivityIndicator.m in Sources */ = {isa = PBXBuildFile; fileRef = D1F338B52201D99A005BE5F1 /* KRETypingActivityIndicator.m */; };
		D1F338FB2201D99A005BE5F1 /* KRETypingCollectionViewCell.xib in Resources */ = {isa = PBXBuildFile; fileRef = D1F338B62201D99A005BE5F1 /* KRETypingCollectionViewCell.xib */; };
		D1F338FC2201D99A005BE5F1 /* KRETypingStatusView.m in Sources */ = {isa = PBXBuildFile; fileRef = D1F338B92201D99A005BE5F1 /* KRETypingStatusView.m */; };
		D1F338FD2201D99A005BE5F1 /* KRETypingCollectionViewCell.m in Sources */ = {isa = PBXBuildFile; fileRef = D1F338BA2201D99A005BE5F1 /* KRETypingCollectionViewCell.m */; };
		D1F338FE2201D99A005BE5F1 /* BotMessagesView.swift in Sources */ = {isa = PBXBuildFile; fileRef = D1F338BD2201D99A005BE5F1 /* BotMessagesView.swift */; };
		D1F338FF2201D99A005BE5F1 /* KREFetchedResultsController.swift in Sources */ = {isa = PBXBuildFile; fileRef = D1F338BE2201D99A005BE5F1 /* KREFetchedResultsController.swift */; };
		D1F339002201D99A005BE5F1 /* MessageBubbleCell.swift in Sources */ = {isa = PBXBuildFile; fileRef = D1F338BF2201D99A005BE5F1 /* MessageBubbleCell.swift */; };
		D1F339012201D99A005BE5F1 /* AppLaunchViewController.swift in Sources */ = {isa = PBXBuildFile; fileRef = D1F338C12201D99A005BE5F1 /* AppLaunchViewController.swift */; };
		D1F339022201D99A005BE5F1 /* AppLaunchViewController.xib in Resources */ = {isa = PBXBuildFile; fileRef = D1F338C22201D99A005BE5F1 /* AppLaunchViewController.xib */; };
/* End PBXBuildFile section */

/* Begin PBXFileReference section */
		050267511DEC65BF001256D3 /* AVFoundation.framework */ = {isa = PBXFileReference; lastKnownFileType = wrapper.framework; name = AVFoundation.framework; path = System/Library/Frameworks/AVFoundation.framework; sourceTree = SDKROOT; };
		0590F8401DED7A1B00107721 /* AudioToolbox.framework */ = {isa = PBXFileReference; lastKnownFileType = wrapper.framework; name = AudioToolbox.framework; path = System/Library/Frameworks/AudioToolbox.framework; sourceTree = SDKROOT; };
		0590F8411DED7A1B00107721 /* AudioUnit.framework */ = {isa = PBXFileReference; lastKnownFileType = wrapper.framework; name = AudioUnit.framework; path = System/Library/Frameworks/AudioUnit.framework; sourceTree = SDKROOT; };
		0590F8421DED7A1B00107721 /* CoreAudio.framework */ = {isa = PBXFileReference; lastKnownFileType = wrapper.framework; name = CoreAudio.framework; path = System/Library/Frameworks/CoreAudio.framework; sourceTree = SDKROOT; };
		0590F8431DED7A1B00107721 /* CoreAudioKit.framework */ = {isa = PBXFileReference; lastKnownFileType = wrapper.framework; name = CoreAudioKit.framework; path = System/Library/Frameworks/CoreAudioKit.framework; sourceTree = SDKROOT; };
		5706261067051636CFAC9AFC /* Pods-KoreBotSDKDemo.release.xcconfig */ = {isa = PBXFileReference; includeInIndex = 1; lastKnownFileType = text.xcconfig; name = "Pods-KoreBotSDKDemo.release.xcconfig"; path = "Pods/Target Support Files/Pods-KoreBotSDKDemo/Pods-KoreBotSDKDemo.release.xcconfig"; sourceTree = "<group>"; };
		72429688E34420AAB8AF9E01 /* Pods_KoreBotSDKDemo.framework */ = {isa = PBXFileReference; explicitFileType = wrapper.framework; includeInIndex = 0; path = Pods_KoreBotSDKDemo.framework; sourceTree = BUILT_PRODUCTS_DIR; };
		CD18E3E19876E3486C39D351 /* Pods-KoreBotSDKDemo.debug.xcconfig */ = {isa = PBXFileReference; includeInIndex = 1; lastKnownFileType = text.xcconfig; name = "Pods-KoreBotSDKDemo.debug.xcconfig"; path = "Pods/Target Support Files/Pods-KoreBotSDKDemo/Pods-KoreBotSDKDemo.debug.xcconfig"; sourceTree = "<group>"; };
		CD445134250B7C4700879219 /* ListWidgetBubbleView.swift */ = {isa = PBXFileReference; fileEncoding = 4; lastKnownFileType = sourcecode.swift; path = ListWidgetBubbleView.swift; sourceTree = "<group>"; };
		CD445136250B7C5300879219 /* ListWidgetDetailsViewController.swift */ = {isa = PBXFileReference; fileEncoding = 4; lastKnownFileType = sourcecode.swift; path = ListWidgetDetailsViewController.swift; sourceTree = "<group>"; };
		CD445137250B7C5300879219 /* ListWidgetDetailsViewController.xib */ = {isa = PBXFileReference; fileEncoding = 4; lastKnownFileType = file.xib; path = ListWidgetDetailsViewController.xib; sourceTree = "<group>"; };
		CD44513B250B851F00879219 /* FeedbackCell.xib */ = {isa = PBXFileReference; fileEncoding = 4; lastKnownFileType = file.xib; path = FeedbackCell.xib; sourceTree = "<group>"; };
		CD44513C250B852000879219 /* FeedbackSliderViewController.xib */ = {isa = PBXFileReference; fileEncoding = 4; lastKnownFileType = file.xib; path = FeedbackSliderViewController.xib; sourceTree = "<group>"; };
		CD44513D250B852000879219 /* FeedbackSliderViewController.swift */ = {isa = PBXFileReference; fileEncoding = 4; lastKnownFileType = sourcecode.swift; path = FeedbackSliderViewController.swift; sourceTree = "<group>"; };
		CD44513E250B852000879219 /* iOSDevCenters+GIF.swift */ = {isa = PBXFileReference; fileEncoding = 4; lastKnownFileType = sourcecode.swift; path = "iOSDevCenters+GIF.swift"; sourceTree = "<group>"; };
		CD44513F250B852000879219 /* FeedbackCell.swift */ = {isa = PBXFileReference; fileEncoding = 4; lastKnownFileType = sourcecode.swift; path = FeedbackCell.swift; sourceTree = "<group>"; };
		CD445140250B852100879219 /* FeedbackBubbleView.swift */ = {isa = PBXFileReference; fileEncoding = 4; lastKnownFileType = sourcecode.swift; path = FeedbackBubbleView.swift; sourceTree = "<group>"; };
		CD445148250B855000879219 /* FloatRatingView.swift */ = {isa = PBXFileReference; fileEncoding = 4; lastKnownFileType = sourcecode.swift; path = FloatRatingView.swift; sourceTree = "<group>"; };
		CD44514B250B855F00879219 /* ratingselect_4.gif */ = {isa = PBXFileReference; lastKnownFileType = image.gif; path = ratingselect_4.gif; sourceTree = "<group>"; };
		CD44514C250B855F00879219 /* ratingselect_5.gif */ = {isa = PBXFileReference; lastKnownFileType = image.gif; path = ratingselect_5.gif; sourceTree = "<group>"; };
		CD44514D250B855F00879219 /* ratingselect_1.gif */ = {isa = PBXFileReference; lastKnownFileType = image.gif; path = ratingselect_1.gif; sourceTree = "<group>"; };
		CD44514E250B855F00879219 /* ratingselect_2.gif */ = {isa = PBXFileReference; lastKnownFileType = image.gif; path = ratingselect_2.gif; sourceTree = "<group>"; };
		CD44514F250B855F00879219 /* ratingselect_3.gif */ = {isa = PBXFileReference; lastKnownFileType = image.gif; path = ratingselect_3.gif; sourceTree = "<group>"; };
		CD4B000024D164CB008E08CE /* TaskMenuViewController.xib */ = {isa = PBXFileReference; fileEncoding = 4; lastKnownFileType = file.xib; path = TaskMenuViewController.xib; sourceTree = "<group>"; };
		CD4BFFF824D16091008E08CE /* NotificationBubbleView.swift */ = {isa = PBXFileReference; fileEncoding = 4; lastKnownFileType = sourcecode.swift; path = NotificationBubbleView.swift; sourceTree = "<group>"; };
		CD4BFFFA24D160CA008E08CE /* NotificationCustomView.xib */ = {isa = PBXFileReference; fileEncoding = 4; lastKnownFileType = file.xib; path = NotificationCustomView.xib; sourceTree = "<group>"; };
		CD4BFFFB24D160CA008E08CE /* NotificationCustomView.swift */ = {isa = PBXFileReference; fileEncoding = 4; lastKnownFileType = sourcecode.swift; path = NotificationCustomView.swift; sourceTree = "<group>"; };
		CD4BFFFF24D164CB008E08CE /* TaskMenuViewController.swift */ = {isa = PBXFileReference; fileEncoding = 4; lastKnownFileType = sourcecode.swift; path = TaskMenuViewController.swift; sourceTree = "<group>"; };
		CD63DA4724EAB98B00DCCCCE /* MultiSelectNewBubbleView.swift */ = {isa = PBXFileReference; fileEncoding = 4; lastKnownFileType = sourcecode.swift; path = MultiSelectNewBubbleView.swift; sourceTree = "<group>"; };
		CD63DA4924EAB9A700DCCCCE /* MultiSelectCell.swift */ = {isa = PBXFileReference; fileEncoding = 4; lastKnownFileType = sourcecode.swift; path = MultiSelectCell.swift; sourceTree = "<group>"; };
		CD63DA4A24EAB9A700DCCCCE /* MultiSelectCell.xib */ = {isa = PBXFileReference; fileEncoding = 4; lastKnownFileType = file.xib; path = MultiSelectCell.xib; sourceTree = "<group>"; };
		CD89236424C55BAB006F71DE /* CalenderBubbleView.swift */ = {isa = PBXFileReference; fileEncoding = 4; lastKnownFileType = sourcecode.swift; path = CalenderBubbleView.swift; sourceTree = "<group>"; };
		CD89236524C55BAB006F71DE /* CalenderViewController.swift */ = {isa = PBXFileReference; fileEncoding = 4; lastKnownFileType = sourcecode.swift; path = CalenderViewController.swift; sourceTree = "<group>"; };
		CD89236624C55BAB006F71DE /* CalenderViewController.xib */ = {isa = PBXFileReference; fileEncoding = 4; lastKnownFileType = file.xib; path = CalenderViewController.xib; sourceTree = "<group>"; };
		CD89236B24C5614D006F71DE /* QuickRepliesData.swift */ = {isa = PBXFileReference; fileEncoding = 4; lastKnownFileType = sourcecode.swift; path = QuickRepliesData.swift; sourceTree = "<group>"; };
		CD89236C24C5614E006F71DE /* QuickReplyWelcomeBubbleView.swift */ = {isa = PBXFileReference; fileEncoding = 4; lastKnownFileType = sourcecode.swift; path = QuickReplyWelcomeBubbleView.swift; sourceTree = "<group>"; };
		CD89236F24C562A2006F71DE /* QuickReplyCollectionViewFlowLayout.swift */ = {isa = PBXFileReference; lastKnownFileType = sourcecode.swift; path = QuickReplyCollectionViewFlowLayout.swift; sourceTree = "<group>"; };
		CDB869F524C0093A00D1CCC7 /* NewListData.swift */ = {isa = PBXFileReference; fileEncoding = 4; lastKnownFileType = sourcecode.swift; path = NewListData.swift; sourceTree = "<group>"; };
		CDB869F724C0093A00D1CCC7 /* NewListTableViewCell.xib */ = {isa = PBXFileReference; fileEncoding = 4; lastKnownFileType = file.xib; path = NewListTableViewCell.xib; sourceTree = "<group>"; };
		CDB869F824C0093A00D1CCC7 /* NewListBubbleView.swift */ = {isa = PBXFileReference; fileEncoding = 4; lastKnownFileType = sourcecode.swift; path = NewListBubbleView.swift; sourceTree = "<group>"; };
		CDB869F924C0093A00D1CCC7 /* ListViewDetailsViewController.swift */ = {isa = PBXFileReference; fileEncoding = 4; lastKnownFileType = sourcecode.swift; path = ListViewDetailsViewController.swift; sourceTree = "<group>"; };
		CDB869FA24C0093A00D1CCC7 /* NewListTableViewCell.swift */ = {isa = PBXFileReference; fileEncoding = 4; lastKnownFileType = sourcecode.swift; path = NewListTableViewCell.swift; sourceTree = "<group>"; };
		CDB86A0024C0099300D1CCC7 /* ListViewDetailsViewController.xib */ = {isa = PBXFileReference; fileEncoding = 4; lastKnownFileType = file.xib; path = ListViewDetailsViewController.xib; sourceTree = "<group>"; };
		CDB86A0324C00CCF00D1CCC7 /* TaskMenuTablViewCell.xib */ = {isa = PBXFileReference; fileEncoding = 4; lastKnownFileType = file.xib; path = TaskMenuTablViewCell.xib; sourceTree = "<group>"; };
		CDB86A0524C00CD000D1CCC7 /* TaskMenu.json */ = {isa = PBXFileReference; fileEncoding = 4; lastKnownFileType = text.json; path = TaskMenu.json; sourceTree = "<group>"; };
		CDB86A0624C00CD000D1CCC7 /* TaskMenuData.swift */ = {isa = PBXFileReference; fileEncoding = 4; lastKnownFileType = sourcecode.swift; path = TaskMenuData.swift; sourceTree = "<group>"; };
		CDB86A0724C00CD000D1CCC7 /* TaskMenuTablViewCell.swift */ = {isa = PBXFileReference; fileEncoding = 4; lastKnownFileType = sourcecode.swift; path = TaskMenuTablViewCell.swift; sourceTree = "<group>"; };
		CDB86A0E24C0127C00D1CCC7 /* TableListData.swift */ = {isa = PBXFileReference; fileEncoding = 4; lastKnownFileType = sourcecode.swift; path = TableListData.swift; sourceTree = "<group>"; };
		CDB86A1024C0128F00D1CCC7 /* TableListBubbleView.swift */ = {isa = PBXFileReference; fileEncoding = 4; lastKnownFileType = sourcecode.swift; path = TableListBubbleView.swift; sourceTree = "<group>"; };
		D101F91024E163F700D47DB8 /* ChatMessagesViewController.swift */ = {isa = PBXFileReference; fileEncoding = 4; lastKnownFileType = sourcecode.swift; path = ChatMessagesViewController.swift; sourceTree = "<group>"; };
		D101F91224E163F700D47DB8 /* KABottomSheetViewController.swift */ = {isa = PBXFileReference; fileEncoding = 4; lastKnownFileType = sourcecode.swift; path = KABottomSheetViewController.swift; sourceTree = "<group>"; };
		D101F91324E163F700D47DB8 /* KoraNotification.swift */ = {isa = PBXFileReference; fileEncoding = 4; lastKnownFileType = sourcecode.swift; path = KoraNotification.swift; sourceTree = "<group>"; };
		D101F91424E163F700D47DB8 /* KoraAssistant.swift */ = {isa = PBXFileReference; fileEncoding = 4; lastKnownFileType = sourcecode.swift; path = KoraAssistant.swift; sourceTree = "<group>"; };
		D101F91524E163F700D47DB8 /* KAPanelWindowManager.swift */ = {isa = PBXFileReference; fileEncoding = 4; lastKnownFileType = sourcecode.swift; path = KAPanelWindowManager.swift; sourceTree = "<group>"; };
		D101F91624E163F700D47DB8 /* KAPanelCollectionView.swift */ = {isa = PBXFileReference; fileEncoding = 4; lastKnownFileType = sourcecode.swift; path = KAPanelCollectionView.swift; sourceTree = "<group>"; };
		D101F91724E163F700D47DB8 /* ApplicationManager.swift */ = {isa = PBXFileReference; fileEncoding = 4; lastKnownFileType = sourcecode.swift; path = ApplicationManager.swift; sourceTree = "<group>"; };
		D101F91824E163F700D47DB8 /* UIViewController+Kora.swift */ = {isa = PBXFileReference; fileEncoding = 4; lastKnownFileType = sourcecode.swift; path = "UIViewController+Kora.swift"; sourceTree = "<group>"; };
		D101F91924E163F700D47DB8 /* KAPanelItemViewController.swift */ = {isa = PBXFileReference; fileEncoding = 4; lastKnownFileType = sourcecode.swift; path = KAPanelItemViewController.swift; sourceTree = "<group>"; };
		D101F91B24E163F700D47DB8 /* ChatMessagesViewController+Widgets.swift */ = {isa = PBXFileReference; fileEncoding = 4; lastKnownFileType = sourcecode.swift; path = "ChatMessagesViewController+Widgets.swift"; sourceTree = "<group>"; };
		D101F91C24E163F700D47DB8 /* KAPanelHeaderView.swift */ = {isa = PBXFileReference; fileEncoding = 4; lastKnownFileType = sourcecode.swift; path = KAPanelHeaderView.swift; sourceTree = "<group>"; };
		D101F91D24E163F700D47DB8 /* ChatMessagesViewController.xib */ = {isa = PBXFileReference; fileEncoding = 4; lastKnownFileType = file.xib; path = ChatMessagesViewController.xib; sourceTree = "<group>"; };
		D15041081DE2C4BC00F2F92E /* Messages.plist */ = {isa = PBXFileReference; fileEncoding = 4; lastKnownFileType = text.plist.xml; path = Messages.plist; sourceTree = "<group>"; };
		D15045D41DE422CB008DE46E /* BotConfiguration.plist */ = {isa = PBXFileReference; fileEncoding = 4; lastKnownFileType = text.plist.xml; path = BotConfiguration.plist; sourceTree = "<group>"; };
		D175AD4A1CEF0CD500BB9442 /* BankAssist.ai.app */ = {isa = PBXFileReference; explicitFileType = wrapper.application; includeInIndex = 0; path = BankAssist.ai.app; sourceTree = BUILT_PRODUCTS_DIR; };
		D175AD4D1CEF0CD500BB9442 /* AppDelegate.swift */ = {isa = PBXFileReference; lastKnownFileType = sourcecode.swift; path = AppDelegate.swift; sourceTree = "<group>"; };
		D175AD571CEF0CD500BB9442 /* Base */ = {isa = PBXFileReference; lastKnownFileType = file.storyboard; name = Base; path = Base.lproj/LaunchScreen.storyboard; sourceTree = "<group>"; };
		D175AD591CEF0CD500BB9442 /* Info.plist */ = {isa = PBXFileReference; lastKnownFileType = text.plist.xml; path = Info.plist; sourceTree = "<group>"; };
		D1A12B6D1E84DD3500F4E2B4 /* SDKConfiguration.swift */ = {isa = PBXFileReference; fileEncoding = 4; lastKnownFileType = sourcecode.swift; path = SDKConfiguration.swift; sourceTree = "<group>"; };
		D1CAF1531CF0AEA3001BCAEF /* Assets.xcassets */ = {isa = PBXFileReference; lastKnownFileType = folder.assetcatalog; path = Assets.xcassets; sourceTree = "<group>"; };
		D1CAF1541CF0AEA3001BCAEF /* KoreBotSDKDemo-Bridging-Header.h */ = {isa = PBXFileReference; fileEncoding = 4; lastKnownFileType = sourcecode.c.h; path = "KoreBotSDKDemo-Bridging-Header.h"; sourceTree = "<group>"; };
		D1EBD066227C5ECF0004C349 /* KABotClient.swift */ = {isa = PBXFileReference; fileEncoding = 4; lastKnownFileType = sourcecode.swift; path = KABotClient.swift; sourceTree = "<group>"; };
		D1F3385D2201D99A005BE5F1 /* CoreDataManager.swift */ = {isa = PBXFileReference; fileEncoding = 4; lastKnownFileType = sourcecode.swift; path = CoreDataManager.swift; sourceTree = "<group>"; };
		D1F3385E2201D99A005BE5F1 /* DataStoreManager.swift */ = {isa = PBXFileReference; fileEncoding = 4; lastKnownFileType = sourcecode.swift; path = DataStoreManager.swift; sourceTree = "<group>"; };
		D1F338602201D99A005BE5F1 /* Common.swift */ = {isa = PBXFileReference; fileEncoding = 4; lastKnownFileType = sourcecode.swift; path = Common.swift; sourceTree = "<group>"; };
		D1F338622201D99A005BE5F1 /* KREMessage+CoreDataProperties.swift */ = {isa = PBXFileReference; fileEncoding = 4; lastKnownFileType = sourcecode.swift; path = "KREMessage+CoreDataProperties.swift"; sourceTree = "<group>"; };
		D1F338632201D99A005BE5F1 /* KREThread+CoreDataClass.swift */ = {isa = PBXFileReference; fileEncoding = 4; lastKnownFileType = sourcecode.swift; path = "KREThread+CoreDataClass.swift"; sourceTree = "<group>"; };
		D1F338652201D99A005BE5F1 /* DataModel.xcdatamodel */ = {isa = PBXFileReference; lastKnownFileType = wrapper.xcdatamodel; path = DataModel.xcdatamodel; sourceTree = "<group>"; };
		D1F338662201D99A005BE5F1 /* KREThread+CoreDataProperties.swift */ = {isa = PBXFileReference; fileEncoding = 4; lastKnownFileType = sourcecode.swift; path = "KREThread+CoreDataProperties.swift"; sourceTree = "<group>"; };
		D1F338672201D99A005BE5F1 /* KREMessage+CoreDataClass.swift */ = {isa = PBXFileReference; fileEncoding = 4; lastKnownFileType = sourcecode.swift; path = "KREMessage+CoreDataClass.swift"; sourceTree = "<group>"; };
		D1F338682201D99A005BE5F1 /* KREContact+CoreDataProperties.swift */ = {isa = PBXFileReference; fileEncoding = 4; lastKnownFileType = sourcecode.swift; path = "KREContact+CoreDataProperties.swift"; sourceTree = "<group>"; };
		D1F338692201D99A005BE5F1 /* KREContact+CoreDataClass.swift */ = {isa = PBXFileReference; fileEncoding = 4; lastKnownFileType = sourcecode.swift; path = "KREContact+CoreDataClass.swift"; sourceTree = "<group>"; };
		D1F3386A2201D99A005BE5F1 /* KREComponent+CoreDataClass.swift */ = {isa = PBXFileReference; fileEncoding = 4; lastKnownFileType = sourcecode.swift; path = "KREComponent+CoreDataClass.swift"; sourceTree = "<group>"; };
		D1F3386B2201D99A005BE5F1 /* KREComponent+CoreDataProperties.swift */ = {isa = PBXFileReference; fileEncoding = 4; lastKnownFileType = sourcecode.swift; path = "KREComponent+CoreDataProperties.swift"; sourceTree = "<group>"; };
		D1F3386F2201D99A005BE5F1 /* TSBaseParser.m */ = {isa = PBXFileReference; fileEncoding = 4; lastKnownFileType = sourcecode.c.objc; path = TSBaseParser.m; sourceTree = "<group>"; };
		D1F338702201D99A005BE5F1 /* TSMarkdownParser.h */ = {isa = PBXFileReference; fileEncoding = 4; lastKnownFileType = sourcecode.c.h; path = TSMarkdownParser.h; sourceTree = "<group>"; };
		D1F338712201D99A005BE5F1 /* TSBaseParser.h */ = {isa = PBXFileReference; fileEncoding = 4; lastKnownFileType = sourcecode.c.h; path = TSBaseParser.h; sourceTree = "<group>"; };
		D1F338722201D99A005BE5F1 /* TSMarkdownParser.m */ = {isa = PBXFileReference; fileEncoding = 4; lastKnownFileType = sourcecode.c.objc; path = TSMarkdownParser.m; sourceTree = "<group>"; };
		D1F338742201D99A005BE5F1 /* AudioController.swift */ = {isa = PBXFileReference; fileEncoding = 4; lastKnownFileType = sourcecode.swift; path = AudioController.swift; sourceTree = "<group>"; };
		D1F338752201D99A005BE5F1 /* KoraASRService.swift */ = {isa = PBXFileReference; fileEncoding = 4; lastKnownFileType = sourcecode.swift; path = KoraASRService.swift; sourceTree = "<group>"; };
		D1F338772201D99A005BE5F1 /* CALayer+MBAnimationPersistence.m */ = {isa = PBXFileReference; fileEncoding = 4; lastKnownFileType = sourcecode.c.objc; path = "CALayer+MBAnimationPersistence.m"; sourceTree = "<group>"; };
		D1F338782201D99A005BE5F1 /* CALayer+MBAnimationPersistence.h */ = {isa = PBXFileReference; fileEncoding = 4; lastKnownFileType = sourcecode.c.h; path = "CALayer+MBAnimationPersistence.h"; sourceTree = "<group>"; };
		D1F3387A2201D99A005BE5F1 /* Identity.swift */ = {isa = PBXFileReference; fileEncoding = 4; lastKnownFileType = sourcecode.swift; path = Identity.swift; sourceTree = "<group>"; };
		D1F3387B2201D99A005BE5F1 /* Message.swift */ = {isa = PBXFileReference; fileEncoding = 4; lastKnownFileType = sourcecode.swift; path = Message.swift; sourceTree = "<group>"; };
		D1F3387C2201D99A005BE5F1 /* Thread.swift */ = {isa = PBXFileReference; fileEncoding = 4; lastKnownFileType = sourcecode.swift; path = Thread.swift; sourceTree = "<group>"; };
		D1F3387D2201D99A005BE5F1 /* Component.swift */ = {isa = PBXFileReference; fileEncoding = 4; lastKnownFileType = sourcecode.swift; path = Component.swift; sourceTree = "<group>"; };
		D1F3387E2201D99A005BE5F1 /* SectionedThread.swift */ = {isa = PBXFileReference; fileEncoding = 4; lastKnownFileType = sourcecode.swift; path = SectionedThread.swift; sourceTree = "<group>"; };
		D1F338802201D99A005BE5F1 /* ComposeBarView.swift */ = {isa = PBXFileReference; fileEncoding = 4; lastKnownFileType = sourcecode.swift; path = ComposeBarView.swift; sourceTree = "<group>"; };
		D1F338832201D99A005BE5F1 /* AudioComposeView.swift */ = {isa = PBXFileReference; fileEncoding = 4; lastKnownFileType = sourcecode.swift; path = AudioComposeView.swift; sourceTree = "<group>"; };
		D1F338852201D99A005BE5F1 /* NSMutableAttributedString+KREUtils.m */ = {isa = PBXFileReference; fileEncoding = 4; lastKnownFileType = sourcecode.c.objc; path = "NSMutableAttributedString+KREUtils.m"; sourceTree = "<group>"; };
		D1F338862201D99A005BE5F1 /* KRELayoutManager.h */ = {isa = PBXFileReference; fileEncoding = 4; lastKnownFileType = sourcecode.c.h; path = KRELayoutManager.h; sourceTree = "<group>"; };
		D1F338872201D99A005BE5F1 /* KREUtilities.h */ = {isa = PBXFileReference; fileEncoding = 4; lastKnownFileType = sourcecode.c.h; path = KREUtilities.h; sourceTree = "<group>"; };
		D1F338882201D99A005BE5F1 /* KREAttributedLabel.h */ = {isa = PBXFileReference; fileEncoding = 4; lastKnownFileType = sourcecode.c.h; path = KREAttributedLabel.h; sourceTree = "<group>"; };
		D1F338892201D99A005BE5F1 /* KRELayoutManager.m */ = {isa = PBXFileReference; fileEncoding = 4; lastKnownFileType = sourcecode.c.objc; path = KRELayoutManager.m; sourceTree = "<group>"; };
		D1F3388A2201D99A005BE5F1 /* NSMutableAttributedString+KREUtils.h */ = {isa = PBXFileReference; fileEncoding = 4; lastKnownFileType = sourcecode.c.h; path = "NSMutableAttributedString+KREUtils.h"; sourceTree = "<group>"; };
		D1F3388B2201D99A005BE5F1 /* KREAttributedLabel.m */ = {isa = PBXFileReference; fileEncoding = 4; lastKnownFileType = sourcecode.c.objc; path = KREAttributedLabel.m; sourceTree = "<group>"; };
		D1F3388C2201D99A005BE5F1 /* KREUtilities.m */ = {isa = PBXFileReference; fileEncoding = 4; lastKnownFileType = sourcecode.c.objc; path = KREUtilities.m; sourceTree = "<group>"; };
		D1F3388F2201D99A005BE5F1 /* OptionsBubbleView.swift */ = {isa = PBXFileReference; fileEncoding = 4; lastKnownFileType = sourcecode.swift; path = OptionsBubbleView.swift; sourceTree = "<group>"; };
		D1F338912201D99A005BE5F1 /* ChartBubbleView.swift */ = {isa = PBXFileReference; fileEncoding = 4; lastKnownFileType = sourcecode.swift; path = ChartBubbleView.swift; sourceTree = "<group>"; };
		D1F338922201D99A005BE5F1 /* BalloonMarker.swift */ = {isa = PBXFileReference; fileEncoding = 4; lastKnownFileType = sourcecode.swift; path = BalloonMarker.swift; sourceTree = "<group>"; };
		D1F338942201D99A005BE5F1 /* CarouselBubbleView.swift */ = {isa = PBXFileReference; fileEncoding = 4; lastKnownFileType = sourcecode.swift; path = CarouselBubbleView.swift; sourceTree = "<group>"; };
		D1F338962201D99A005BE5F1 /* MultiImageBubbleView.swift */ = {isa = PBXFileReference; fileEncoding = 4; lastKnownFileType = sourcecode.swift; path = MultiImageBubbleView.swift; sourceTree = "<group>"; };
		D1F338972201D99A005BE5F1 /* ImageComponentCollectionViewCell.xib */ = {isa = PBXFileReference; fileEncoding = 4; lastKnownFileType = file.xib; path = ImageComponentCollectionViewCell.xib; sourceTree = "<group>"; };
		D1F338982201D99A005BE5F1 /* ImageComponentCollectionViewCell.swift */ = {isa = PBXFileReference; fileEncoding = 4; lastKnownFileType = sourcecode.swift; path = ImageComponentCollectionViewCell.swift; sourceTree = "<group>"; };
		D1F338992201D99A005BE5F1 /* MultiImageBubbleView.xib */ = {isa = PBXFileReference; fileEncoding = 4; lastKnownFileType = file.xib; path = MultiImageBubbleView.xib; sourceTree = "<group>"; };
		D1F3389A2201D99A005BE5F1 /* BubbleView.swift */ = {isa = PBXFileReference; fileEncoding = 4; lastKnownFileType = sourcecode.swift; path = BubbleView.swift; sourceTree = "<group>"; };
		D1F3389C2201D99A005BE5F1 /* ResponsiveTableBubbleView.swift */ = {isa = PBXFileReference; fileEncoding = 4; lastKnownFileType = sourcecode.swift; path = ResponsiveTableBubbleView.swift; sourceTree = "<group>"; };
		D1F3389D2201D99A005BE5F1 /* MiniTableBubbleView.swift */ = {isa = PBXFileReference; fileEncoding = 4; lastKnownFileType = sourcecode.swift; path = MiniTableBubbleView.swift; sourceTree = "<group>"; };
		D1F3389F2201D99A005BE5F1 /* CustomCollectionViewLayout.swift */ = {isa = PBXFileReference; fileEncoding = 4; lastKnownFileType = sourcecode.swift; path = CustomCollectionViewLayout.swift; sourceTree = "<group>"; };
		D1F338A02201D99A005BE5F1 /* CustomCollectionViewCell.swift */ = {isa = PBXFileReference; fileEncoding = 4; lastKnownFileType = sourcecode.swift; path = CustomCollectionViewCell.swift; sourceTree = "<group>"; };
		D1F338A12201D99A005BE5F1 /* CustomCollectionViewCell.xib */ = {isa = PBXFileReference; fileEncoding = 4; lastKnownFileType = file.xib; path = CustomCollectionViewCell.xib; sourceTree = "<group>"; };
		D1F338A22201D99A005BE5F1 /* TableBubbleView.swift */ = {isa = PBXFileReference; fileEncoding = 4; lastKnownFileType = sourcecode.swift; path = TableBubbleView.swift; sourceTree = "<group>"; };
		D1F338A32201D99A005BE5F1 /* SubTableViewCell.swift */ = {isa = PBXFileReference; fileEncoding = 4; lastKnownFileType = sourcecode.swift; path = SubTableViewCell.swift; sourceTree = "<group>"; };
		D1F338A42201D99A005BE5F1 /* ExpandedTableViewCell.swift */ = {isa = PBXFileReference; fileEncoding = 4; lastKnownFileType = sourcecode.swift; path = ExpandedTableViewCell.swift; sourceTree = "<group>"; };
		D1F338A52201D99A005BE5F1 /* ResponsiveCustonCell.swift */ = {isa = PBXFileReference; fileEncoding = 4; lastKnownFileType = sourcecode.swift; path = ResponsiveCustonCell.swift; sourceTree = "<group>"; };
		D1F338A62201D99A005BE5F1 /* MiniTableViewCell.swift */ = {isa = PBXFileReference; fileEncoding = 4; lastKnownFileType = sourcecode.swift; path = MiniTableViewCell.swift; sourceTree = "<group>"; };
		D1F338A82201D99A005BE5F1 /* MenuBubbleView.swift */ = {isa = PBXFileReference; fileEncoding = 4; lastKnownFileType = sourcecode.swift; path = MenuBubbleView.swift; sourceTree = "<group>"; };
		D1F338A92201D99A005BE5F1 /* ListBubbleView.swift */ = {isa = PBXFileReference; fileEncoding = 4; lastKnownFileType = sourcecode.swift; path = ListBubbleView.swift; sourceTree = "<group>"; };
		D1F338AB2201D99A005BE5F1 /* TextBubbleView.swift */ = {isa = PBXFileReference; fileEncoding = 4; lastKnownFileType = sourcecode.swift; path = TextBubbleView.swift; sourceTree = "<group>"; };
		D1F338B12201D99A005BE5F1 /* TableTemplateViewController.swift */ = {isa = PBXFileReference; fileEncoding = 4; lastKnownFileType = sourcecode.swift; path = TableTemplateViewController.swift; sourceTree = "<group>"; };
		D1F338B22201D99A005BE5F1 /* TableTemplateViewController.xib */ = {isa = PBXFileReference; fileEncoding = 4; lastKnownFileType = file.xib; path = TableTemplateViewController.xib; sourceTree = "<group>"; };
		D1F338B32201D99A005BE5F1 /* InputTOWebViewController.swift */ = {isa = PBXFileReference; fileEncoding = 4; lastKnownFileType = sourcecode.swift; path = InputTOWebViewController.swift; sourceTree = "<group>"; };
		D1F338B52201D99A005BE5F1 /* KRETypingActivityIndicator.m */ = {isa = PBXFileReference; fileEncoding = 4; lastKnownFileType = sourcecode.c.objc; path = KRETypingActivityIndicator.m; sourceTree = "<group>"; };
		D1F338B62201D99A005BE5F1 /* KRETypingCollectionViewCell.xib */ = {isa = PBXFileReference; fileEncoding = 4; lastKnownFileType = file.xib; path = KRETypingCollectionViewCell.xib; sourceTree = "<group>"; };
		D1F338B72201D99A005BE5F1 /* KRETypingCollectionViewCell.h */ = {isa = PBXFileReference; fileEncoding = 4; lastKnownFileType = sourcecode.c.h; path = KRETypingCollectionViewCell.h; sourceTree = "<group>"; };
		D1F338B82201D99A005BE5F1 /* KRETypingStatusView.h */ = {isa = PBXFileReference; fileEncoding = 4; lastKnownFileType = sourcecode.c.h; path = KRETypingStatusView.h; sourceTree = "<group>"; };
		D1F338B92201D99A005BE5F1 /* KRETypingStatusView.m */ = {isa = PBXFileReference; fileEncoding = 4; lastKnownFileType = sourcecode.c.objc; path = KRETypingStatusView.m; sourceTree = "<group>"; };
		D1F338BA2201D99A005BE5F1 /* KRETypingCollectionViewCell.m */ = {isa = PBXFileReference; fileEncoding = 4; lastKnownFileType = sourcecode.c.objc; path = KRETypingCollectionViewCell.m; sourceTree = "<group>"; };
		D1F338BB2201D99A005BE5F1 /* KRETypingActivityIndicator.h */ = {isa = PBXFileReference; fileEncoding = 4; lastKnownFileType = sourcecode.c.h; path = KRETypingActivityIndicator.h; sourceTree = "<group>"; };
		D1F338BD2201D99A005BE5F1 /* BotMessagesView.swift */ = {isa = PBXFileReference; fileEncoding = 4; lastKnownFileType = sourcecode.swift; path = BotMessagesView.swift; sourceTree = "<group>"; };
		D1F338BE2201D99A005BE5F1 /* KREFetchedResultsController.swift */ = {isa = PBXFileReference; fileEncoding = 4; lastKnownFileType = sourcecode.swift; path = KREFetchedResultsController.swift; sourceTree = "<group>"; };
		D1F338BF2201D99A005BE5F1 /* MessageBubbleCell.swift */ = {isa = PBXFileReference; fileEncoding = 4; lastKnownFileType = sourcecode.swift; path = MessageBubbleCell.swift; sourceTree = "<group>"; };
		D1F338C12201D99A005BE5F1 /* AppLaunchViewController.swift */ = {isa = PBXFileReference; fileEncoding = 4; lastKnownFileType = sourcecode.swift; path = AppLaunchViewController.swift; sourceTree = "<group>"; };
		D1F338C22201D99A005BE5F1 /* AppLaunchViewController.xib */ = {isa = PBXFileReference; fileEncoding = 4; lastKnownFileType = file.xib; path = AppLaunchViewController.xib; sourceTree = "<group>"; };
/* End PBXFileReference section */

/* Begin PBXFrameworksBuildPhase section */
		D175AD471CEF0CD500BB9442 /* Frameworks */ = {
			isa = PBXFrameworksBuildPhase;
			buildActionMask = 2147483647;
			files = (
				0590F8441DED7A1B00107721 /* AudioToolbox.framework in Frameworks */,
				0590F8461DED7A1B00107721 /* CoreAudio.framework in Frameworks */,
				050267521DEC65BF001256D3 /* AVFoundation.framework in Frameworks */,
				1D9FA1702AE04EE1A8F6AF2C /* Pods_KoreBotSDKDemo.framework in Frameworks */,
			);
			runOnlyForDeploymentPostprocessing = 0;
		};
/* End PBXFrameworksBuildPhase section */

/* Begin PBXGroup section */
		4A892AF249E871774B0F03D0 /* Pods */ = {
			isa = PBXGroup;
			children = (
				CD18E3E19876E3486C39D351 /* Pods-KoreBotSDKDemo.debug.xcconfig */,
				5706261067051636CFAC9AFC /* Pods-KoreBotSDKDemo.release.xcconfig */,
			);
			name = Pods;
			sourceTree = "<group>";
		};
		A851461715333BEDEFC8310F /* Frameworks */ = {
			isa = PBXGroup;
			children = (
				0590F8401DED7A1B00107721 /* AudioToolbox.framework */,
				0590F8411DED7A1B00107721 /* AudioUnit.framework */,
				0590F8421DED7A1B00107721 /* CoreAudio.framework */,
				0590F8431DED7A1B00107721 /* CoreAudioKit.framework */,
				050267511DEC65BF001256D3 /* AVFoundation.framework */,
				72429688E34420AAB8AF9E01 /* Pods_KoreBotSDKDemo.framework */,
			);
			name = Frameworks;
			sourceTree = "<group>";
		};
		CD445133250B7C2800879219 /* List Widget */ = {
			isa = PBXGroup;
			children = (
				CD445134250B7C4700879219 /* ListWidgetBubbleView.swift */,
				CD445136250B7C5300879219 /* ListWidgetDetailsViewController.swift */,
				CD445137250B7C5300879219 /* ListWidgetDetailsViewController.xib */,
			);
			path = "List Widget";
			sourceTree = "<group>";
		};
		CD44513A250B84D900879219 /* Feedback */ = {
			isa = PBXGroup;
			children = (
				CD445140250B852100879219 /* FeedbackBubbleView.swift */,
				CD44513D250B852000879219 /* FeedbackSliderViewController.swift */,
				CD44513C250B852000879219 /* FeedbackSliderViewController.xib */,
				CD44513F250B852000879219 /* FeedbackCell.swift */,
				CD44513B250B851F00879219 /* FeedbackCell.xib */,
				CD44513E250B852000879219 /* iOSDevCenters+GIF.swift */,
				CD44514A250B855F00879219 /* gifs */,
				CD445147250B855000879219 /* RatingView */,
			);
			path = Feedback;
			sourceTree = "<group>";
		};
		CD445147250B855000879219 /* RatingView */ = {
			isa = PBXGroup;
			children = (
				CD445148250B855000879219 /* FloatRatingView.swift */,
			);
			path = RatingView;
			sourceTree = "<group>";
		};
		CD44514A250B855F00879219 /* gifs */ = {
			isa = PBXGroup;
			children = (
				CD44514B250B855F00879219 /* ratingselect_4.gif */,
				CD44514C250B855F00879219 /* ratingselect_5.gif */,
				CD44514D250B855F00879219 /* ratingselect_1.gif */,
				CD44514E250B855F00879219 /* ratingselect_2.gif */,
				CD44514F250B855F00879219 /* ratingselect_3.gif */,
			);
			path = gifs;
			sourceTree = "<group>";
		};
		CD4BFFF724D16073008E08CE /* Notification */ = {
			isa = PBXGroup;
			children = (
				CD4BFFF824D16091008E08CE /* NotificationBubbleView.swift */,
				CD4BFFFE24D160D5008E08CE /* CustomView */,
			);
			path = Notification;
			sourceTree = "<group>";
		};
		CD4BFFFE24D160D5008E08CE /* CustomView */ = {
			isa = PBXGroup;
			children = (
				CD4BFFFB24D160CA008E08CE /* NotificationCustomView.swift */,
				CD4BFFFA24D160CA008E08CE /* NotificationCustomView.xib */,
			);
			path = CustomView;
			sourceTree = "<group>";
		};
		CD63DA4624EAB96600DCCCCE /* Multi Select */ = {
			isa = PBXGroup;
			children = (
				CD63DA4724EAB98B00DCCCCE /* MultiSelectNewBubbleView.swift */,
				CD63DA4924EAB9A700DCCCCE /* MultiSelectCell.swift */,
				CD63DA4A24EAB9A700DCCCCE /* MultiSelectCell.xib */,
			);
			path = "Multi Select";
			sourceTree = "<group>";
		};
		CD89236324C55B7E006F71DE /* CalenderView */ = {
			isa = PBXGroup;
			children = (
				CD89236424C55BAB006F71DE /* CalenderBubbleView.swift */,
				CD89236524C55BAB006F71DE /* CalenderViewController.swift */,
				CD89236624C55BAB006F71DE /* CalenderViewController.xib */,
			);
			path = CalenderView;
			sourceTree = "<group>";
		};
		CD89236A24C56124006F71DE /* Quick Reply Welcome */ = {
			isa = PBXGroup;
			children = (
				CD89236C24C5614E006F71DE /* QuickReplyWelcomeBubbleView.swift */,
				CD89236B24C5614D006F71DE /* QuickRepliesData.swift */,
				CD89236F24C562A2006F71DE /* QuickReplyCollectionViewFlowLayout.swift */,
			);
			path = "Quick Reply Welcome";
			sourceTree = "<group>";
		};
		CDB869F424C0093A00D1CCC7 /* NewList */ = {
			isa = PBXGroup;
			children = (
				CDB869F824C0093A00D1CCC7 /* NewListBubbleView.swift */,
				CDB869F524C0093A00D1CCC7 /* NewListData.swift */,
				CDB869F924C0093A00D1CCC7 /* ListViewDetailsViewController.swift */,
				CDB86A0024C0099300D1CCC7 /* ListViewDetailsViewController.xib */,
				CDB869F624C0093A00D1CCC7 /* NewListCell */,
			);
			path = NewList;
			sourceTree = "<group>";
		};
		CDB869F624C0093A00D1CCC7 /* NewListCell */ = {
			isa = PBXGroup;
			children = (
				CDB869FA24C0093A00D1CCC7 /* NewListTableViewCell.swift */,
				CDB869F724C0093A00D1CCC7 /* NewListTableViewCell.xib */,
			);
			path = NewListCell;
			sourceTree = "<group>";
		};
		CDB86A0224C00C9800D1CCC7 /* TaskMenu */ = {
			isa = PBXGroup;
			children = (
				CD4BFFFF24D164CB008E08CE /* TaskMenuViewController.swift */,
				CD4B000024D164CB008E08CE /* TaskMenuViewController.xib */,
				CDB86A0724C00CD000D1CCC7 /* TaskMenuTablViewCell.swift */,
				CDB86A0324C00CCF00D1CCC7 /* TaskMenuTablViewCell.xib */,
				CDB86A0624C00CD000D1CCC7 /* TaskMenuData.swift */,
				CDB86A0524C00CD000D1CCC7 /* TaskMenu.json */,
			);
			path = TaskMenu;
			sourceTree = "<group>";
		};
		CDB86A0D24C0126000D1CCC7 /* TableList */ = {
			isa = PBXGroup;
			children = (
				CDB86A1024C0128F00D1CCC7 /* TableListBubbleView.swift */,
				CDB86A0E24C0127C00D1CCC7 /* TableListData.swift */,
			);
			path = TableList;
			sourceTree = "<group>";
		};
		D101F90F24E163F700D47DB8 /* ChatMessages */ = {
			isa = PBXGroup;
			children = (
				D101F91024E163F700D47DB8 /* ChatMessagesViewController.swift */,
				D101F91D24E163F700D47DB8 /* ChatMessagesViewController.xib */,
				D101F91124E163F700D47DB8 /* PanelView */,
			);
			path = ChatMessages;
			sourceTree = "<group>";
		};
		D101F91124E163F700D47DB8 /* PanelView */ = {
			isa = PBXGroup;
			children = (
				D101F91724E163F700D47DB8 /* ApplicationManager.swift */,
				D101F91B24E163F700D47DB8 /* ChatMessagesViewController+Widgets.swift */,
				D101F91224E163F700D47DB8 /* KABottomSheetViewController.swift */,
				D101F91624E163F700D47DB8 /* KAPanelCollectionView.swift */,
				D101F91324E163F700D47DB8 /* KoraNotification.swift */,
				D101F91C24E163F700D47DB8 /* KAPanelHeaderView.swift */,
				D101F91924E163F700D47DB8 /* KAPanelItemViewController.swift */,
				D101F91524E163F700D47DB8 /* KAPanelWindowManager.swift */,
				D101F91424E163F700D47DB8 /* KoraAssistant.swift */,
				D101F91824E163F700D47DB8 /* UIViewController+Kora.swift */,
			);
			path = PanelView;
			sourceTree = "<group>";
		};
		D15041071DE2C48A00F2F92E /* Data */ = {
			isa = PBXGroup;
			children = (
				D15041081DE2C4BC00F2F92E /* Messages.plist */,
				D15045D41DE422CB008DE46E /* BotConfiguration.plist */,
			);
			path = Data;
			sourceTree = "<group>";
		};
		D175AD411CEF0CD500BB9442 = {
			isa = PBXGroup;
			children = (
				D1A12B6D1E84DD3500F4E2B4 /* SDKConfiguration.swift */,
				D175AD4C1CEF0CD500BB9442 /* KoreBotSDKDemo */,
				D175AD4B1CEF0CD500BB9442 /* Products */,
				A851461715333BEDEFC8310F /* Frameworks */,
				4A892AF249E871774B0F03D0 /* Pods */,
			);
			sourceTree = "<group>";
		};
		D175AD4B1CEF0CD500BB9442 /* Products */ = {
			isa = PBXGroup;
			children = (
				D175AD4A1CEF0CD500BB9442 /* BankAssist.ai.app */,
			);
			name = Products;
			sourceTree = "<group>";
		};
		D175AD4C1CEF0CD500BB9442 /* KoreBotSDKDemo */ = {
			isa = PBXGroup;
			children = (
				D1F3385F2201D99A005BE5F1 /* Common */,
				D1F338AC2201D99A005BE5F1 /* Controllers */,
				D1F3385C2201D99A005BE5F1 /* CoreData */,
				D1F338612201D99A005BE5F1 /* DataModel */,
				D1F3386C2201D99A005BE5F1 /* Library */,
				D1CAF09E1CF0AEA3001BCAEF /* Resources */,
				D175AD4D1CEF0CD500BB9442 /* AppDelegate.swift */,
				D175AD561CEF0CD500BB9442 /* LaunchScreen.storyboard */,
				D175AD591CEF0CD500BB9442 /* Info.plist */,
			);
			path = KoreBotSDKDemo;
			sourceTree = "<group>";
		};
		D1CAF09E1CF0AEA3001BCAEF /* Resources */ = {
			isa = PBXGroup;
			children = (
				D15041071DE2C48A00F2F92E /* Data */,
				D1CAF1521CF0AEA3001BCAEF /* Images */,
				D1CAF1541CF0AEA3001BCAEF /* KoreBotSDKDemo-Bridging-Header.h */,
			);
			path = Resources;
			sourceTree = "<group>";
		};
		D1CAF1521CF0AEA3001BCAEF /* Images */ = {
			isa = PBXGroup;
			children = (
				D1CAF1531CF0AEA3001BCAEF /* Assets.xcassets */,
			);
			path = Images;
			sourceTree = "<group>";
		};
		D1F3385C2201D99A005BE5F1 /* CoreData */ = {
			isa = PBXGroup;
			children = (
				D1F3385D2201D99A005BE5F1 /* CoreDataManager.swift */,
				D1F3385E2201D99A005BE5F1 /* DataStoreManager.swift */,
			);
			name = CoreData;
			path = ../../Shared/CoreData;
			sourceTree = "<group>";
		};
		D1F3385F2201D99A005BE5F1 /* Common */ = {
			isa = PBXGroup;
			children = (
				D1EBD066227C5ECF0004C349 /* KABotClient.swift */,
				D1F338602201D99A005BE5F1 /* Common.swift */,
			);
			name = Common;
			path = ../../Shared/Common;
			sourceTree = "<group>";
		};
		D1F338612201D99A005BE5F1 /* DataModel */ = {
			isa = PBXGroup;
			children = (
				D1F338622201D99A005BE5F1 /* KREMessage+CoreDataProperties.swift */,
				D1F338632201D99A005BE5F1 /* KREThread+CoreDataClass.swift */,
				D1F338642201D99A005BE5F1 /* DataModel.xcdatamodeld */,
				D1F338662201D99A005BE5F1 /* KREThread+CoreDataProperties.swift */,
				D1F338672201D99A005BE5F1 /* KREMessage+CoreDataClass.swift */,
				D1F338682201D99A005BE5F1 /* KREContact+CoreDataProperties.swift */,
				D1F338692201D99A005BE5F1 /* KREContact+CoreDataClass.swift */,
				D1F3386A2201D99A005BE5F1 /* KREComponent+CoreDataClass.swift */,
				D1F3386B2201D99A005BE5F1 /* KREComponent+CoreDataProperties.swift */,
			);
			name = DataModel;
			path = ../../Shared/DataModel;
			sourceTree = "<group>";
		};
		D1F3386C2201D99A005BE5F1 /* Library */ = {
			isa = PBXGroup;
			children = (
				CDB86A0224C00C9800D1CCC7 /* TaskMenu */,
				D1F3386D2201D99A005BE5F1 /* Vendors */,
				D1F338732201D99A005BE5F1 /* SpeechRecognition */,
				D1F338762201D99A005BE5F1 /* Animation */,
				D1F338792201D99A005BE5F1 /* Models */,
				D1F3387F2201D99A005BE5F1 /* ComposeBar */,
				D1F338812201D99A005BE5F1 /* Elements */,
				D1F338842201D99A005BE5F1 /* AttributedLabel */,
				D1F3388D2201D99A005BE5F1 /* BubbleViews */,
			);
			name = Library;
			path = ../../Shared/Library;
			sourceTree = "<group>";
		};
		D1F3386D2201D99A005BE5F1 /* Vendors */ = {
			isa = PBXGroup;
			children = (
				D1F3386E2201D99A005BE5F1 /* TSMarkdownParser */,
			);
			path = Vendors;
			sourceTree = "<group>";
		};
		D1F3386E2201D99A005BE5F1 /* TSMarkdownParser */ = {
			isa = PBXGroup;
			children = (
				D1F3386F2201D99A005BE5F1 /* TSBaseParser.m */,
				D1F338702201D99A005BE5F1 /* TSMarkdownParser.h */,
				D1F338712201D99A005BE5F1 /* TSBaseParser.h */,
				D1F338722201D99A005BE5F1 /* TSMarkdownParser.m */,
			);
			path = TSMarkdownParser;
			sourceTree = "<group>";
		};
		D1F338732201D99A005BE5F1 /* SpeechRecognition */ = {
			isa = PBXGroup;
			children = (
				D1F338742201D99A005BE5F1 /* AudioController.swift */,
				D1F338752201D99A005BE5F1 /* KoraASRService.swift */,
			);
			path = SpeechRecognition;
			sourceTree = "<group>";
		};
		D1F338762201D99A005BE5F1 /* Animation */ = {
			isa = PBXGroup;
			children = (
				D1F338772201D99A005BE5F1 /* CALayer+MBAnimationPersistence.m */,
				D1F338782201D99A005BE5F1 /* CALayer+MBAnimationPersistence.h */,
			);
			path = Animation;
			sourceTree = "<group>";
		};
		D1F338792201D99A005BE5F1 /* Models */ = {
			isa = PBXGroup;
			children = (
				D1F3387A2201D99A005BE5F1 /* Identity.swift */,
				D1F3387B2201D99A005BE5F1 /* Message.swift */,
				D1F3387C2201D99A005BE5F1 /* Thread.swift */,
				D1F3387D2201D99A005BE5F1 /* Component.swift */,
				D1F3387E2201D99A005BE5F1 /* SectionedThread.swift */,
			);
			path = Models;
			sourceTree = "<group>";
		};
		D1F3387F2201D99A005BE5F1 /* ComposeBar */ = {
			isa = PBXGroup;
			children = (
				D1F338802201D99A005BE5F1 /* ComposeBarView.swift */,
			);
			path = ComposeBar;
			sourceTree = "<group>";
		};
		D1F338812201D99A005BE5F1 /* Elements */ = {
			isa = PBXGroup;
			children = (
				D1F338822201D99A005BE5F1 /* AudioComposer */,
			);
			path = Elements;
			sourceTree = "<group>";
		};
		D1F338822201D99A005BE5F1 /* AudioComposer */ = {
			isa = PBXGroup;
			children = (
				D1F338832201D99A005BE5F1 /* AudioComposeView.swift */,
			);
			path = AudioComposer;
			sourceTree = "<group>";
		};
		D1F338842201D99A005BE5F1 /* AttributedLabel */ = {
			isa = PBXGroup;
			children = (
				D1F338852201D99A005BE5F1 /* NSMutableAttributedString+KREUtils.m */,
				D1F338862201D99A005BE5F1 /* KRELayoutManager.h */,
				D1F338872201D99A005BE5F1 /* KREUtilities.h */,
				D1F338882201D99A005BE5F1 /* KREAttributedLabel.h */,
				D1F338892201D99A005BE5F1 /* KRELayoutManager.m */,
				D1F3388A2201D99A005BE5F1 /* NSMutableAttributedString+KREUtils.h */,
				D1F3388B2201D99A005BE5F1 /* KREAttributedLabel.m */,
				D1F3388C2201D99A005BE5F1 /* KREUtilities.m */,
			);
			path = AttributedLabel;
			sourceTree = "<group>";
		};
		D1F3388D2201D99A005BE5F1 /* BubbleViews */ = {
			isa = PBXGroup;
			children = (
				D1F3388E2201D99A005BE5F1 /* Options */,
				D1F338902201D99A005BE5F1 /* Chart */,
				D1F338932201D99A005BE5F1 /* Carousel */,
				D1F338952201D99A005BE5F1 /* Image */,
				D1F3389A2201D99A005BE5F1 /* BubbleView.swift */,
				D1F3389B2201D99A005BE5F1 /* Table */,
				D1F338A72201D99A005BE5F1 /* Menu */,
				D1F338A92201D99A005BE5F1 /* ListBubbleView.swift */,
				CD44513A250B84D900879219 /* Feedback */,
				CD445133250B7C2800879219 /* List Widget */,
				CD63DA4624EAB96600DCCCCE /* Multi Select */,
				CD4BFFF724D16073008E08CE /* Notification */,
				CD89236A24C56124006F71DE /* Quick Reply Welcome */,
				CD89236324C55B7E006F71DE /* CalenderView */,
				CDB86A0D24C0126000D1CCC7 /* TableList */,
				CDB869F424C0093A00D1CCC7 /* NewList */,
				D1F338AA2201D99A005BE5F1 /* Text */,
			);
			path = BubbleViews;
			sourceTree = "<group>";
		};
		D1F3388E2201D99A005BE5F1 /* Options */ = {
			isa = PBXGroup;
			children = (
				D1F3388F2201D99A005BE5F1 /* OptionsBubbleView.swift */,
			);
			path = Options;
			sourceTree = "<group>";
		};
		D1F338902201D99A005BE5F1 /* Chart */ = {
			isa = PBXGroup;
			children = (
				D1F338912201D99A005BE5F1 /* ChartBubbleView.swift */,
				D1F338922201D99A005BE5F1 /* BalloonMarker.swift */,
			);
			path = Chart;
			sourceTree = "<group>";
		};
		D1F338932201D99A005BE5F1 /* Carousel */ = {
			isa = PBXGroup;
			children = (
				D1F338942201D99A005BE5F1 /* CarouselBubbleView.swift */,
			);
			path = Carousel;
			sourceTree = "<group>";
		};
		D1F338952201D99A005BE5F1 /* Image */ = {
			isa = PBXGroup;
			children = (
				D1F338962201D99A005BE5F1 /* MultiImageBubbleView.swift */,
				D1F338972201D99A005BE5F1 /* ImageComponentCollectionViewCell.xib */,
				D1F338982201D99A005BE5F1 /* ImageComponentCollectionViewCell.swift */,
				D1F338992201D99A005BE5F1 /* MultiImageBubbleView.xib */,
			);
			path = Image;
			sourceTree = "<group>";
		};
		D1F3389B2201D99A005BE5F1 /* Table */ = {
			isa = PBXGroup;
			children = (
				D1F3389C2201D99A005BE5F1 /* ResponsiveTableBubbleView.swift */,
				D1F3389D2201D99A005BE5F1 /* MiniTableBubbleView.swift */,
				D1F3389E2201D99A005BE5F1 /* CollectionView */,
				D1F338A22201D99A005BE5F1 /* TableBubbleView.swift */,
				D1F338A32201D99A005BE5F1 /* SubTableViewCell.swift */,
				D1F338A42201D99A005BE5F1 /* ExpandedTableViewCell.swift */,
				D1F338A52201D99A005BE5F1 /* ResponsiveCustonCell.swift */,
				D1F338A62201D99A005BE5F1 /* MiniTableViewCell.swift */,
			);
			path = Table;
			sourceTree = "<group>";
		};
		D1F3389E2201D99A005BE5F1 /* CollectionView */ = {
			isa = PBXGroup;
			children = (
				D1F3389F2201D99A005BE5F1 /* CustomCollectionViewLayout.swift */,
				D1F338A02201D99A005BE5F1 /* CustomCollectionViewCell.swift */,
				D1F338A12201D99A005BE5F1 /* CustomCollectionViewCell.xib */,
			);
			path = CollectionView;
			sourceTree = "<group>";
		};
		D1F338A72201D99A005BE5F1 /* Menu */ = {
			isa = PBXGroup;
			children = (
				D1F338A82201D99A005BE5F1 /* MenuBubbleView.swift */,
			);
			path = Menu;
			sourceTree = "<group>";
		};
		D1F338AA2201D99A005BE5F1 /* Text */ = {
			isa = PBXGroup;
			children = (
				D1F338AB2201D99A005BE5F1 /* TextBubbleView.swift */,
			);
			path = Text;
			sourceTree = "<group>";
		};
		D1F338AC2201D99A005BE5F1 /* Controllers */ = {
			isa = PBXGroup;
			children = (
				D101F90F24E163F700D47DB8 /* ChatMessages */,
				D1F338B02201D99A005BE5F1 /* InputViews */,
				D1F338B42201D99A005BE5F1 /* TypingStatus */,
				D1F338BC2201D99A005BE5F1 /* BotMessages */,
				D1F338C02201D99A005BE5F1 /* AppLaunch */,
			);
			name = Controllers;
			path = ../../Shared/Controllers;
			sourceTree = "<group>";
		};
		D1F338B02201D99A005BE5F1 /* InputViews */ = {
			isa = PBXGroup;
			children = (
				D1F338B12201D99A005BE5F1 /* TableTemplateViewController.swift */,
				D1F338B22201D99A005BE5F1 /* TableTemplateViewController.xib */,
				D1F338B32201D99A005BE5F1 /* InputTOWebViewController.swift */,
			);
			path = InputViews;
			sourceTree = "<group>";
		};
		D1F338B42201D99A005BE5F1 /* TypingStatus */ = {
			isa = PBXGroup;
			children = (
				D1F338B52201D99A005BE5F1 /* KRETypingActivityIndicator.m */,
				D1F338B62201D99A005BE5F1 /* KRETypingCollectionViewCell.xib */,
				D1F338B72201D99A005BE5F1 /* KRETypingCollectionViewCell.h */,
				D1F338B82201D99A005BE5F1 /* KRETypingStatusView.h */,
				D1F338B92201D99A005BE5F1 /* KRETypingStatusView.m */,
				D1F338BA2201D99A005BE5F1 /* KRETypingCollectionViewCell.m */,
				D1F338BB2201D99A005BE5F1 /* KRETypingActivityIndicator.h */,
			);
			path = TypingStatus;
			sourceTree = "<group>";
		};
		D1F338BC2201D99A005BE5F1 /* BotMessages */ = {
			isa = PBXGroup;
			children = (
				D1F338BD2201D99A005BE5F1 /* BotMessagesView.swift */,
				D1F338BE2201D99A005BE5F1 /* KREFetchedResultsController.swift */,
				D1F338BF2201D99A005BE5F1 /* MessageBubbleCell.swift */,
			);
			path = BotMessages;
			sourceTree = "<group>";
		};
		D1F338C02201D99A005BE5F1 /* AppLaunch */ = {
			isa = PBXGroup;
			children = (
				D1F338C12201D99A005BE5F1 /* AppLaunchViewController.swift */,
				D1F338C22201D99A005BE5F1 /* AppLaunchViewController.xib */,
			);
			path = AppLaunch;
			sourceTree = "<group>";
		};
/* End PBXGroup section */

/* Begin PBXNativeTarget section */
		D175AD491CEF0CD500BB9442 /* KoreBotSDKDemo */ = {
			isa = PBXNativeTarget;
			buildConfigurationList = D175AD5C1CEF0CD500BB9442 /* Build configuration list for PBXNativeTarget "KoreBotSDKDemo" */;
			buildPhases = (
				3111A85B3A27934C81DC0506 /* [CP] Check Pods Manifest.lock */,
				D175AD461CEF0CD500BB9442 /* Sources */,
				D175AD471CEF0CD500BB9442 /* Frameworks */,
				D175AD481CEF0CD500BB9442 /* Resources */,
				53BC65E7822D9067BC7DCA58 /* [CP] Embed Pods Frameworks */,
			);
			buildRules = (
			);
			dependencies = (
			);
			name = KoreBotSDKDemo;
			productName = KoreBotSDKDemo;
			productReference = D175AD4A1CEF0CD500BB9442 /* BankAssist.ai.app */;
			productType = "com.apple.product-type.application";
		};
/* End PBXNativeTarget section */

/* Begin PBXProject section */
		D175AD421CEF0CD500BB9442 /* Project object */ = {
			isa = PBXProject;
			attributes = {
				LastSwiftUpdateCheck = 0730;
				LastUpgradeCheck = 1010;
				ORGANIZATIONNAME = Kore;
				TargetAttributes = {
					D175AD491CEF0CD500BB9442 = {
						CreatedOnToolsVersion = 7.3;
						DevelopmentTeam = TUE6KHKZ4Z;
						LastSwiftMigration = 0820;
						ProvisioningStyle = Manual;
					};
				};
			};
			buildConfigurationList = D175AD451CEF0CD500BB9442 /* Build configuration list for PBXProject "KoreBotSDKDemo" */;
			compatibilityVersion = "Xcode 3.2";
			developmentRegion = English;
			hasScannedForEncodings = 0;
			knownRegions = (
				English,
				en,
				Base,
			);
			mainGroup = D175AD411CEF0CD500BB9442;
			productRefGroup = D175AD4B1CEF0CD500BB9442 /* Products */;
			projectDirPath = "";
			projectRoot = "";
			targets = (
				D175AD491CEF0CD500BB9442 /* KoreBotSDKDemo */,
			);
		};
/* End PBXProject section */

/* Begin PBXResourcesBuildPhase section */
		D175AD481CEF0CD500BB9442 /* Resources */ = {
			isa = PBXResourcesBuildPhase;
			buildActionMask = 2147483647;
			files = (
				D1F339022201D99A005BE5F1 /* AppLaunchViewController.xib in Resources */,
				CDB86A0824C00CD000D1CCC7 /* TaskMenuTablViewCell.xib in Resources */,
				D15041091DE2C4BC00F2F92E /* Messages.plist in Resources */,
				CD4BFFFC24D160CA008E08CE /* NotificationCustomView.xib in Resources */,
				CD445153250B855F00879219 /* ratingselect_2.gif in Resources */,
				D101F92A24E163F800D47DB8 /* ChatMessagesViewController.xib in Resources */,
				CD445152250B855F00879219 /* ratingselect_1.gif in Resources */,
				CD445139250B7C5400879219 /* ListWidgetDetailsViewController.xib in Resources */,
				D1CAF21A1CF0AEA3001BCAEF /* Assets.xcassets in Resources */,
				D1F338E62201D99A005BE5F1 /* MultiImageBubbleView.xib in Resources */,
				D1F338F82201D99A005BE5F1 /* TableTemplateViewController.xib in Resources */,
				D175AD581CEF0CD500BB9442 /* LaunchScreen.storyboard in Resources */,
				D1F338E42201D99A005BE5F1 /* ImageComponentCollectionViewCell.xib in Resources */,
				CD89236924C55BAC006F71DE /* CalenderViewController.xib in Resources */,
				CD445141250B852100879219 /* FeedbackCell.xib in Resources */,
				CD445150250B855F00879219 /* ratingselect_4.gif in Resources */,
				D1F338FB2201D99A005BE5F1 /* KRETypingCollectionViewCell.xib in Resources */,
				CD445151250B855F00879219 /* ratingselect_5.gif in Resources */,
				D15045D51DE422CB008DE46E /* BotConfiguration.plist in Resources */,
				CDB86A0A24C00CD000D1CCC7 /* TaskMenu.json in Resources */,
				CD63DA4C24EAB9A700DCCCCE /* MultiSelectCell.xib in Resources */,
				CD4B000224D164CB008E08CE /* TaskMenuViewController.xib in Resources */,
				CDB86A0124C0099300D1CCC7 /* ListViewDetailsViewController.xib in Resources */,
				CDB869FC24C0093A00D1CCC7 /* NewListTableViewCell.xib in Resources */,
				CD445142250B852100879219 /* FeedbackSliderViewController.xib in Resources */,
				D1F338EC2201D99A005BE5F1 /* CustomCollectionViewCell.xib in Resources */,
				CD445154250B855F00879219 /* ratingselect_3.gif in Resources */,
			);
			runOnlyForDeploymentPostprocessing = 0;
		};
/* End PBXResourcesBuildPhase section */

/* Begin PBXShellScriptBuildPhase section */
		3111A85B3A27934C81DC0506 /* [CP] Check Pods Manifest.lock */ = {
			isa = PBXShellScriptBuildPhase;
			buildActionMask = 2147483647;
			files = (
			);
			inputFileListPaths = (
			);
			inputPaths = (
				"${PODS_PODFILE_DIR_PATH}/Podfile.lock",
				"${PODS_ROOT}/Manifest.lock",
			);
			name = "[CP] Check Pods Manifest.lock";
			outputFileListPaths = (
			);
			outputPaths = (
				"$(DERIVED_FILE_DIR)/Pods-KoreBotSDKDemo-checkManifestLockResult.txt",
			);
			runOnlyForDeploymentPostprocessing = 0;
			shellPath = /bin/sh;
			shellScript = "diff \"${PODS_PODFILE_DIR_PATH}/Podfile.lock\" \"${PODS_ROOT}/Manifest.lock\" > /dev/null\nif [ $? != 0 ] ; then\n    # print error to STDERR\n    echo \"error: The sandbox is not in sync with the Podfile.lock. Run 'pod install' or update your CocoaPods installation.\" >&2\n    exit 1\nfi\n# This output is used by Xcode 'outputs' to avoid re-running this script phase.\necho \"SUCCESS\" > \"${SCRIPT_OUTPUT_FILE_0}\"\n";
			showEnvVarsInLog = 0;
		};
		53BC65E7822D9067BC7DCA58 /* [CP] Embed Pods Frameworks */ = {
			isa = PBXShellScriptBuildPhase;
			buildActionMask = 2147483647;
			files = (
			);
			inputPaths = (
				"${PODS_ROOT}/Target Support Files/Pods-KoreBotSDKDemo/Pods-KoreBotSDKDemo-frameworks.sh",
				"${BUILT_PRODUCTS_DIR}/AFNetworking/AFNetworking.framework",
				"${BUILT_PRODUCTS_DIR}/Charts/Charts.framework",
				"${BUILT_PRODUCTS_DIR}/GhostTypewriter/GhostTypewriter.framework",
				"${BUILT_PRODUCTS_DIR}/KoreBotSDK/KoreBotSDK.framework",
				"${BUILT_PRODUCTS_DIR}/Mantle/Mantle.framework",
				"${BUILT_PRODUCTS_DIR}/MarkdownKit/MarkdownKit.framework",
				"${BUILT_PRODUCTS_DIR}/SocketRocket/SocketRocket.framework",
			);
			name = "[CP] Embed Pods Frameworks";
			outputPaths = (
				"${TARGET_BUILD_DIR}/${FRAMEWORKS_FOLDER_PATH}/AFNetworking.framework",
				"${TARGET_BUILD_DIR}/${FRAMEWORKS_FOLDER_PATH}/Charts.framework",
				"${TARGET_BUILD_DIR}/${FRAMEWORKS_FOLDER_PATH}/GhostTypewriter.framework",
				"${TARGET_BUILD_DIR}/${FRAMEWORKS_FOLDER_PATH}/KoreBotSDK.framework",
				"${TARGET_BUILD_DIR}/${FRAMEWORKS_FOLDER_PATH}/Mantle.framework",
				"${TARGET_BUILD_DIR}/${FRAMEWORKS_FOLDER_PATH}/MarkdownKit.framework",
				"${TARGET_BUILD_DIR}/${FRAMEWORKS_FOLDER_PATH}/SocketRocket.framework",
			);
			runOnlyForDeploymentPostprocessing = 0;
			shellPath = /bin/sh;
			shellScript = "\"${PODS_ROOT}/Target Support Files/Pods-KoreBotSDKDemo/Pods-KoreBotSDKDemo-frameworks.sh\"\n";
			showEnvVarsInLog = 0;
		};
/* End PBXShellScriptBuildPhase section */

/* Begin PBXSourcesBuildPhase section */
		D175AD461CEF0CD500BB9442 /* Sources */ = {
			isa = PBXSourcesBuildPhase;
			buildActionMask = 2147483647;
			files = (
				D101F92824E163F800D47DB8 /* ChatMessagesViewController+Widgets.swift in Sources */,
				D1EBD067227C5ECF0004C349 /* KABotClient.swift in Sources */,
				D1F338C82201D99A005BE5F1 /* DataModel.xcdatamodeld in Sources */,
				D1F338C52201D99A005BE5F1 /* Common.swift in Sources */,
				CDB869FB24C0093A00D1CCC7 /* NewListData.swift in Sources */,
				CD89236E24C5614E006F71DE /* QuickReplyWelcomeBubbleView.swift in Sources */,
				D1F338DC2201D99A005BE5F1 /* KRELayoutManager.m in Sources */,
				D1F338E12201D99A005BE5F1 /* BalloonMarker.swift in Sources */,
				D1F338C32201D99A005BE5F1 /* CoreDataManager.swift in Sources */,
				CD445146250B852100879219 /* FeedbackBubbleView.swift in Sources */,
				D1F338CF2201D99A005BE5F1 /* TSBaseParser.m in Sources */,
				D101F92524E163F800D47DB8 /* UIViewController+Kora.swift in Sources */,
				D1F338DF2201D99A005BE5F1 /* OptionsBubbleView.swift in Sources */,
				D1F338CB2201D99A005BE5F1 /* KREContact+CoreDataProperties.swift in Sources */,
				D1F338E92201D99A005BE5F1 /* MiniTableBubbleView.swift in Sources */,
				D1F338E72201D99A005BE5F1 /* BubbleView.swift in Sources */,
				CD89236D24C5614E006F71DE /* QuickRepliesData.swift in Sources */,
				D1F338EA2201D99A005BE5F1 /* CustomCollectionViewLayout.swift in Sources */,
				D1F338FA2201D99A005BE5F1 /* KRETypingActivityIndicator.m in Sources */,
				D101F92924E163F800D47DB8 /* KAPanelHeaderView.swift in Sources */,
				CD63DA4B24EAB9A700DCCCCE /* MultiSelectCell.swift in Sources */,
				D101F92124E163F700D47DB8 /* KoraAssistant.swift in Sources */,
				D101F92024E163F700D47DB8 /* KoraNotification.swift in Sources */,
				D1F338DD2201D99A005BE5F1 /* KREAttributedLabel.m in Sources */,
				D1F338C92201D99A005BE5F1 /* KREThread+CoreDataProperties.swift in Sources */,
				D1F338D92201D99A005BE5F1 /* ComposeBarView.swift in Sources */,
				D1F338CD2201D99A005BE5F1 /* KREComponent+CoreDataClass.swift in Sources */,
				D1F338D12201D99A005BE5F1 /* AudioController.swift in Sources */,
				D1F338DE2201D99A005BE5F1 /* KREUtilities.m in Sources */,
				CDB86A0F24C0127C00D1CCC7 /* TableListData.swift in Sources */,
				D1F338D62201D99A005BE5F1 /* Thread.swift in Sources */,
				D1F338F92201D99A005BE5F1 /* InputTOWebViewController.swift in Sources */,
				D1F338C42201D99A005BE5F1 /* DataStoreManager.swift in Sources */,
				CDB869FD24C0093A00D1CCC7 /* NewListBubbleView.swift in Sources */,
				D1F338D32201D99A005BE5F1 /* CALayer+MBAnimationPersistence.m in Sources */,
				D1A12B6E1E84DD3500F4E2B4 /* SDKConfiguration.swift in Sources */,
				D1F338C62201D99A005BE5F1 /* KREMessage+CoreDataProperties.swift in Sources */,
				D1F338E32201D99A005BE5F1 /* MultiImageBubbleView.swift in Sources */,
				D1F338C72201D99A005BE5F1 /* KREThread+CoreDataClass.swift in Sources */,
				D1F338CC2201D99A005BE5F1 /* KREContact+CoreDataClass.swift in Sources */,
				D101F92424E163F800D47DB8 /* ApplicationManager.swift in Sources */,
				D101F92624E163F800D47DB8 /* KAPanelItemViewController.swift in Sources */,
				D1F339002201D99A005BE5F1 /* MessageBubbleCell.swift in Sources */,
				CD4BFFF924D16091008E08CE /* NotificationBubbleView.swift in Sources */,
				D1F338FD2201D99A005BE5F1 /* KRETypingCollectionViewCell.m in Sources */,
				D1F338CA2201D99A005BE5F1 /* KREMessage+CoreDataClass.swift in Sources */,
				D101F92324E163F800D47DB8 /* KAPanelCollectionView.swift in Sources */,
				D1F338FC2201D99A005BE5F1 /* KRETypingStatusView.m in Sources */,
				D101F91E24E163F700D47DB8 /* ChatMessagesViewController.swift in Sources */,
				D1F338D72201D99A005BE5F1 /* Component.swift in Sources */,
				CDB86A1124C0128F00D1CCC7 /* TableListBubbleView.swift in Sources */,
				D101F92224E163F800D47DB8 /* KAPanelWindowManager.swift in Sources */,
				D101F91F24E163F700D47DB8 /* KABottomSheetViewController.swift in Sources */,
				D1F338E22201D99A005BE5F1 /* CarouselBubbleView.swift in Sources */,
				D1F338F02201D99A005BE5F1 /* ResponsiveCustonCell.swift in Sources */,
				D1F338DA2201D99A005BE5F1 /* AudioComposeView.swift in Sources */,
				CD445145250B852100879219 /* FeedbackCell.swift in Sources */,
				D1F338FE2201D99A005BE5F1 /* BotMessagesView.swift in Sources */,
				CD445149250B855000879219 /* FloatRatingView.swift in Sources */,
				CD4BFFFD24D160CA008E08CE /* NotificationCustomView.swift in Sources */,
				D1F338F32201D99A005BE5F1 /* ListBubbleView.swift in Sources */,
				D1F338E52201D99A005BE5F1 /* ImageComponentCollectionViewCell.swift in Sources */,
				CD63DA4824EAB98B00DCCCCE /* MultiSelectNewBubbleView.swift in Sources */,
				D1F338E02201D99A005BE5F1 /* ChartBubbleView.swift in Sources */,
				D1F338ED2201D99A005BE5F1 /* TableBubbleView.swift in Sources */,
				D1F338CE2201D99A005BE5F1 /* KREComponent+CoreDataProperties.swift in Sources */,
				CDB869FE24C0093A00D1CCC7 /* ListViewDetailsViewController.swift in Sources */,
				CD4B000124D164CB008E08CE /* TaskMenuViewController.swift in Sources */,
				D1F338F12201D99A005BE5F1 /* MiniTableViewCell.swift in Sources */,
				CD445143250B852100879219 /* FeedbackSliderViewController.swift in Sources */,
				D175AD4E1CEF0CD500BB9442 /* AppDelegate.swift in Sources */,
				CD445138250B7C5400879219 /* ListWidgetDetailsViewController.swift in Sources */,
				CD445144250B852100879219 /* iOSDevCenters+GIF.swift in Sources */,
				D1F338E82201D99A005BE5F1 /* ResponsiveTableBubbleView.swift in Sources */,
				CDB86A0C24C00CD000D1CCC7 /* TaskMenuTablViewCell.swift in Sources */,
				D1F338D02201D99A005BE5F1 /* TSMarkdownParser.m in Sources */,
				D1F338F22201D99A005BE5F1 /* MenuBubbleView.swift in Sources */,
				D1F338DB2201D99A005BE5F1 /* NSMutableAttributedString+KREUtils.m in Sources */,
				CDB86A0B24C00CD000D1CCC7 /* TaskMenuData.swift in Sources */,
				D1F338F72201D99A005BE5F1 /* TableTemplateViewController.swift in Sources */,
				CD89236724C55BAC006F71DE /* CalenderBubbleView.swift in Sources */,
				CD89237024C562A2006F71DE /* QuickReplyCollectionViewFlowLayout.swift in Sources */,
				D1F338D52201D99A005BE5F1 /* Message.swift in Sources */,
				D1F338EF2201D99A005BE5F1 /* ExpandedTableViewCell.swift in Sources */,
				D1F338D42201D99A005BE5F1 /* Identity.swift in Sources */,
				D1F338D22201D99A005BE5F1 /* KoraASRService.swift in Sources */,
				D1F338D82201D99A005BE5F1 /* SectionedThread.swift in Sources */,
				D1F338EE2201D99A005BE5F1 /* SubTableViewCell.swift in Sources */,
				D1F338FF2201D99A005BE5F1 /* KREFetchedResultsController.swift in Sources */,
				D1F338EB2201D99A005BE5F1 /* CustomCollectionViewCell.swift in Sources */,
				D1F338F42201D99A005BE5F1 /* TextBubbleView.swift in Sources */,
				CDB869FF24C0093A00D1CCC7 /* NewListTableViewCell.swift in Sources */,
				CD89236824C55BAC006F71DE /* CalenderViewController.swift in Sources */,
				D1F339012201D99A005BE5F1 /* AppLaunchViewController.swift in Sources */,
				CD445135250B7C4700879219 /* ListWidgetBubbleView.swift in Sources */,
			);
			runOnlyForDeploymentPostprocessing = 0;
		};
/* End PBXSourcesBuildPhase section */

/* Begin PBXVariantGroup section */
		D175AD561CEF0CD500BB9442 /* LaunchScreen.storyboard */ = {
			isa = PBXVariantGroup;
			children = (
				D175AD571CEF0CD500BB9442 /* Base */,
			);
			name = LaunchScreen.storyboard;
			sourceTree = "<group>";
		};
/* End PBXVariantGroup section */

/* Begin XCBuildConfiguration section */
		D175AD5A1CEF0CD500BB9442 /* Debug */ = {
			isa = XCBuildConfiguration;
			buildSettings = {
				ALWAYS_SEARCH_USER_PATHS = NO;
				CLANG_ANALYZER_NONNULL = YES;
				CLANG_CXX_LANGUAGE_STANDARD = "gnu++0x";
				CLANG_CXX_LIBRARY = "libc++";
				CLANG_ENABLE_MODULES = YES;
				CLANG_ENABLE_OBJC_ARC = YES;
				CLANG_WARN_BLOCK_CAPTURE_AUTORELEASING = YES;
				CLANG_WARN_BOOL_CONVERSION = YES;
				CLANG_WARN_COMMA = YES;
				CLANG_WARN_CONSTANT_CONVERSION = YES;
				CLANG_WARN_DEPRECATED_OBJC_IMPLEMENTATIONS = YES;
				CLANG_WARN_DIRECT_OBJC_ISA_USAGE = YES_ERROR;
				CLANG_WARN_EMPTY_BODY = YES;
				CLANG_WARN_ENUM_CONVERSION = YES;
				CLANG_WARN_INFINITE_RECURSION = YES;
				CLANG_WARN_INT_CONVERSION = YES;
				CLANG_WARN_NON_LITERAL_NULL_CONVERSION = YES;
				CLANG_WARN_OBJC_IMPLICIT_RETAIN_SELF = YES;
				CLANG_WARN_OBJC_LITERAL_CONVERSION = YES;
				CLANG_WARN_OBJC_ROOT_CLASS = YES_ERROR;
				CLANG_WARN_RANGE_LOOP_ANALYSIS = YES;
				CLANG_WARN_STRICT_PROTOTYPES = YES;
				CLANG_WARN_SUSPICIOUS_MOVE = YES;
				CLANG_WARN_UNREACHABLE_CODE = YES;
				CLANG_WARN__DUPLICATE_METHOD_MATCH = YES;
				CODE_SIGN_IDENTITY = "iPhone Distribution: Kore, Inc";
				"CODE_SIGN_IDENTITY[sdk=iphoneos*]" = "iPhone Distribution: Kore, Inc";
				COPY_PHASE_STRIP = NO;
				DEBUG_ACTIVITY_MODE = "";
				"DEBUG_ACTIVITY_MODE[sdk=iphonesimulator*]" = disable;
				DEBUG_INFORMATION_FORMAT = dwarf;
				DEVELOPMENT_TEAM = TUE6KHKZ4Z;
				ENABLE_STRICT_OBJC_MSGSEND = YES;
				ENABLE_TESTABILITY = YES;
				GCC_C_LANGUAGE_STANDARD = gnu99;
				GCC_DYNAMIC_NO_PIC = NO;
				GCC_NO_COMMON_BLOCKS = YES;
				GCC_OPTIMIZATION_LEVEL = 0;
				GCC_PREPROCESSOR_DEFINITIONS = (
					"DEBUG=1",
					"$(inherited)",
				);
				GCC_WARN_64_TO_32_BIT_CONVERSION = YES;
				GCC_WARN_ABOUT_RETURN_TYPE = YES_ERROR;
				GCC_WARN_UNDECLARED_SELECTOR = YES;
				GCC_WARN_UNINITIALIZED_AUTOS = YES_AGGRESSIVE;
				GCC_WARN_UNUSED_FUNCTION = YES;
				GCC_WARN_UNUSED_VARIABLE = YES;
				IPHONEOS_DEPLOYMENT_TARGET = 10.0;
				MTL_ENABLE_DEBUG_INFO = YES;
				ONLY_ACTIVE_ARCH = YES;
				SDKROOT = iphoneos;
				SWIFT_OPTIMIZATION_LEVEL = "-Onone";
				SWIFT_VERSION = 5.0;
				TARGETED_DEVICE_FAMILY = "1,2";
			};
			name = Debug;
		};
		D175AD5B1CEF0CD500BB9442 /* Release */ = {
			isa = XCBuildConfiguration;
			buildSettings = {
				ALWAYS_SEARCH_USER_PATHS = NO;
				CLANG_ANALYZER_NONNULL = YES;
				CLANG_CXX_LANGUAGE_STANDARD = "gnu++0x";
				CLANG_CXX_LIBRARY = "libc++";
				CLANG_ENABLE_MODULES = YES;
				CLANG_ENABLE_OBJC_ARC = YES;
				CLANG_WARN_BLOCK_CAPTURE_AUTORELEASING = YES;
				CLANG_WARN_BOOL_CONVERSION = YES;
				CLANG_WARN_COMMA = YES;
				CLANG_WARN_CONSTANT_CONVERSION = YES;
				CLANG_WARN_DEPRECATED_OBJC_IMPLEMENTATIONS = YES;
				CLANG_WARN_DIRECT_OBJC_ISA_USAGE = YES_ERROR;
				CLANG_WARN_EMPTY_BODY = YES;
				CLANG_WARN_ENUM_CONVERSION = YES;
				CLANG_WARN_INFINITE_RECURSION = YES;
				CLANG_WARN_INT_CONVERSION = YES;
				CLANG_WARN_NON_LITERAL_NULL_CONVERSION = YES;
				CLANG_WARN_OBJC_IMPLICIT_RETAIN_SELF = YES;
				CLANG_WARN_OBJC_LITERAL_CONVERSION = YES;
				CLANG_WARN_OBJC_ROOT_CLASS = YES_ERROR;
				CLANG_WARN_RANGE_LOOP_ANALYSIS = YES;
				CLANG_WARN_STRICT_PROTOTYPES = YES;
				CLANG_WARN_SUSPICIOUS_MOVE = YES;
				CLANG_WARN_UNREACHABLE_CODE = YES;
				CLANG_WARN__DUPLICATE_METHOD_MATCH = YES;
				CODE_SIGN_IDENTITY = "iPhone Distribution: Kore, Inc";
				"CODE_SIGN_IDENTITY[sdk=iphoneos*]" = "iPhone Distribution: Kore, Inc";
				COPY_PHASE_STRIP = NO;
				DEBUG_ACTIVITY_MODE = "";
				DEBUG_INFORMATION_FORMAT = "dwarf-with-dsym";
				DEVELOPMENT_TEAM = TUE6KHKZ4Z;
				ENABLE_NS_ASSERTIONS = NO;
				ENABLE_STRICT_OBJC_MSGSEND = YES;
				GCC_C_LANGUAGE_STANDARD = gnu99;
				GCC_NO_COMMON_BLOCKS = YES;
				GCC_WARN_64_TO_32_BIT_CONVERSION = YES;
				GCC_WARN_ABOUT_RETURN_TYPE = YES_ERROR;
				GCC_WARN_UNDECLARED_SELECTOR = YES;
				GCC_WARN_UNINITIALIZED_AUTOS = YES_AGGRESSIVE;
				GCC_WARN_UNUSED_FUNCTION = YES;
				GCC_WARN_UNUSED_VARIABLE = YES;
				IPHONEOS_DEPLOYMENT_TARGET = 10.0;
				MTL_ENABLE_DEBUG_INFO = NO;
				SDKROOT = iphoneos;
				SWIFT_OPTIMIZATION_LEVEL = "-Owholemodule";
				SWIFT_VERSION = 5.0;
				TARGETED_DEVICE_FAMILY = "1,2";
				VALIDATE_PRODUCT = YES;
			};
			name = Release;
		};
		D175AD5D1CEF0CD500BB9442 /* Debug */ = {
			isa = XCBuildConfiguration;
			baseConfigurationReference = CD18E3E19876E3486C39D351 /* Pods-KoreBotSDKDemo.debug.xcconfig */;
			buildSettings = {
				ALWAYS_EMBED_SWIFT_STANDARD_LIBRARIES = "$(inherited)";
				ASSETCATALOG_COMPILER_APPICON_NAME = AppIcon;
				CLANG_ENABLE_MODULES = YES;
				CODE_SIGN_IDENTITY = "iPhone Distribution";
				"CODE_SIGN_IDENTITY[sdk=iphoneos*]" = "iPhone Distribution";
				CODE_SIGN_STYLE = Manual;
				DEVELOPMENT_TEAM = TUE6KHKZ4Z;
				INFOPLIST_FILE = KoreBotSDKDemo/Info.plist;
				IPHONEOS_DEPLOYMENT_TARGET = 10.0;
				LD_RUNPATH_SEARCH_PATHS = "$(inherited) @executable_path/Frameworks";
				OTHER_SWIFT_FLAGS = "$(inherited) \"-D\" \"COCOAPODS\" \"-DDEV_ENV\"";
				PRODUCT_BUNDLE_IDENTIFIER = com.kore.sdk;
				PRODUCT_NAME = BankAssist.ai;
				PROVISIONING_PROFILE = "";
				PROVISIONING_PROFILE_SPECIFIER = "Kore sdk";
				SWIFT_OBJC_BRIDGING_HEADER = "$(SRCROOT)/KoreBotSDKDemo/Resources/KoreBotSDKDemo-Bridging-Header.h";
				SWIFT_OPTIMIZATION_LEVEL = "-Onone";
				SWIFT_VERSION = 5.0;
			};
			name = Debug;
		};
		D175AD5E1CEF0CD500BB9442 /* Release */ = {
			isa = XCBuildConfiguration;
			baseConfigurationReference = 5706261067051636CFAC9AFC /* Pods-KoreBotSDKDemo.release.xcconfig */;
			buildSettings = {
				ALWAYS_EMBED_SWIFT_STANDARD_LIBRARIES = "$(inherited)";
				ASSETCATALOG_COMPILER_APPICON_NAME = AppIcon;
				CLANG_ENABLE_MODULES = YES;
				CODE_SIGN_IDENTITY = "iPhone Distribution";
				"CODE_SIGN_IDENTITY[sdk=iphoneos*]" = "iPhone Distribution";
				CODE_SIGN_STYLE = Manual;
				DEVELOPMENT_TEAM = TUE6KHKZ4Z;
				INFOPLIST_FILE = KoreBotSDKDemo/Info.plist;
				IPHONEOS_DEPLOYMENT_TARGET = 10.0;
				LD_RUNPATH_SEARCH_PATHS = "$(inherited) @executable_path/Frameworks";
				OTHER_SWIFT_FLAGS = "$(inherited) \"-D\" \"COCOAPODS\" \"-DDEV_ENV\"";
				PRODUCT_BUNDLE_IDENTIFIER = com.kore.sdk;
				PRODUCT_NAME = BankAssist.ai;
				PROVISIONING_PROFILE = "";
				PROVISIONING_PROFILE_SPECIFIER = "Kore sdk";
				SWIFT_OBJC_BRIDGING_HEADER = "$(SRCROOT)/KoreBotSDKDemo/Resources/KoreBotSDKDemo-Bridging-Header.h";
				SWIFT_VERSION = 5.0;
			};
			name = Release;
		};
/* End XCBuildConfiguration section */

/* Begin XCConfigurationList section */
		D175AD451CEF0CD500BB9442 /* Build configuration list for PBXProject "KoreBotSDKDemo" */ = {
			isa = XCConfigurationList;
			buildConfigurations = (
				D175AD5A1CEF0CD500BB9442 /* Debug */,
				D175AD5B1CEF0CD500BB9442 /* Release */,
			);
			defaultConfigurationIsVisible = 0;
			defaultConfigurationName = Release;
		};
		D175AD5C1CEF0CD500BB9442 /* Build configuration list for PBXNativeTarget "KoreBotSDKDemo" */ = {
			isa = XCConfigurationList;
			buildConfigurations = (
				D175AD5D1CEF0CD500BB9442 /* Debug */,
				D175AD5E1CEF0CD500BB9442 /* Release */,
			);
			defaultConfigurationIsVisible = 0;
			defaultConfigurationName = Release;
		};
/* End XCConfigurationList section */

/* Begin XCVersionGroup section */
		D1F338642201D99A005BE5F1 /* DataModel.xcdatamodeld */ = {
			isa = XCVersionGroup;
			children = (
				D1F338652201D99A005BE5F1 /* DataModel.xcdatamodel */,
			);
			currentVersion = D1F338652201D99A005BE5F1 /* DataModel.xcdatamodel */;
			path = DataModel.xcdatamodeld;
			sourceTree = "<group>";
			versionGroupType = wrapper.xcdatamodel;
		};
/* End XCVersionGroup section */
	};
	rootObject = D175AD421CEF0CD500BB9442 /* Project object */;
}
